PODS:
  - Amplify (1.26.2):
    - Amplify/Default (= 1.26.2)
  - Amplify/Default (1.26.2)
  - Amplify/Tools (1.26.2)
  - AmplifyPlugins/AWSAPIPlugin (1.26.2):
    - AppSyncRealTimeClient (~> 1.8)
    - AWSCore (~> 2.27.0)
    - AWSPluginsCore (= 1.26.2)
  - AmplifyPlugins/AWSCognitoAuthPlugin (1.26.2):
    - AWSAuthCore (~> 2.27.0)
    - AWSCognitoIdentityProvider (~> 2.27.0)
    - AWSCognitoIdentityProviderASF (~> 2.27.0)
    - AWSCore (~> 2.27.0)
    - AWSMobileClient (~> 2.27.0)
    - AWSPluginsCore (= 1.26.2)
  - AppSyncRealTimeClient (1.10.0):
    - Starscream (~> 4.0.4)
  - AWSAuthCore (2.27.10):
    - AWSCore (= 2.27.10)
  - AWSAuthUI (2.27.10):
    - AWSAuthCore (= 2.27.10)
    - AWSCore (= 2.27.10)
  - AWSCognitoIdentityProvider (2.27.10):
    - AWSCognitoIdentityProviderASF (= 2.27.10)
    - AWSCore (= 2.27.10)
  - AWSCognitoIdentityProviderASF (2.27.10):
    - AWSCore (= 2.27.10)
  - AWSCore (2.27.10)
  - AWSMobileClient (2.27.10):
    - AWSAuthCore (= 2.27.10)
    - AWSCognitoIdentityProvider (= 2.27.10)
    - AWSCognitoIdentityProviderASF (= 2.27.10)
    - AWSCore (= 2.27.10)
  - AWSPluginsCore (1.26.2):
    - Amplify (= 1.26.2)
    - AWSCore (~> 2.27.0)
  - AWSUserPoolsSignIn (2.27.10):
    - AWSAuthCore (= 2.27.10)
    - AWSCognitoIdentityProvider (= 2.27.10)
    - AWSCore (= 2.27.10)
  - ChameleonFramework/Default (2.1.0)
  - ChameleonFramework/Swift (2.1.0):
    - ChameleonFramework/Default
  - SSCustomTabbar (2.0.6)
  - Starscream (4.0.4)

DEPENDENCIES:
  - Amplify
  - Amplify/Tools
  - AmplifyPlugins/AWSAPIPlugin
  - AmplifyPlugins/AWSCognitoAuthPlugin
  - AWSAuthUI
  - AWSMobileClient
  - AWSUserPoolsSignIn
  - ChameleonFramework/Swift (from `https://github.com/wowansm/Chameleon`, branch `swift5`)
  - SSCustomTabbar

SPEC REPOS:
  trunk:
    - Amplify
    - AmplifyPlugins
    - AppSyncRealTimeClient
    - AWSAuthCore
    - AWSAuthUI
    - AWSCognitoIdentityProvider
    - AWSCognitoIdentityProviderASF
    - AWSCore
    - AWSMobileClient
    - AWSPluginsCore
    - AWSUserPoolsSignIn
    - SSCustomTabbar
    - Starscream

EXTERNAL SOURCES:
  ChameleonFramework:
    :branch: swift5
    :git: https://github.com/wowansm/Chameleon

CHECKOUT OPTIONS:
  ChameleonFramework:
    :commit: 96d52c36a45847fff60bcff7a58fec1e4bd7390b
    :git: https://github.com/wowansm/Chameleon

SPEC CHECKSUMS:
  Amplify: a4747a22276b4994cfdb29ea8cdbe6eed7964e9f
  AmplifyPlugins: c5af5605be693b8c21afa5e69a8f787f02f55165
  AppSyncRealTimeClient: 656ab4215e05f6ca47fe6d8c73f416d9984a8aac
  AWSAuthCore: ea9baff143a5ff4a98cea3954b006cedc96cd47e
  AWSAuthUI: 6c33dd840b08bf172a4c8252ab68c0660c7e7d75
  AWSCognitoIdentityProvider: 7ef13d7a86298db707165208f01b92997cc3b5af
  AWSCognitoIdentityProviderASF: d745c40a37815ef1c547f9677145d4e522f582f3
  AWSCore: dbad318b7ff0fd86fb8387d3ad1f30049c05bc58
  AWSMobileClient: 523cdb04d21cfd7523eb8db77b2fa2a00b6a95b4
  AWSPluginsCore: a75501823aa5599a63570a750389073f47dd16bc
  AWSUserPoolsSignIn: 6337f244e7ec47edc932f7a0b861a9ec38a25f1e
  ChameleonFramework: d21a3cc247abfe5e37609a283a8238b03575cf64
  SSCustomTabbar: a52533e429bd40f52ce8d7ecb801f3521fbd56a0
  Starscream: 5178aed56b316f13fa3bc55694e583d35dd414d9

PODFILE CHECKSUM: 93e32acd4ba24c6f7d7dac40ceb6ed7d07418248

COCOAPODS: 1.11.3
