// !$*UTF8*$!
{
	archiveVersion = 1;
	classes = {
	};
	objectVersion = 55;
	objects = {

/* Begin PBXBuildFile section */
		06969B1DD0E3A11B46C7766A /* Pods_DIGATests.framework in Frameworks */ = {isa = PBXBuildFile; fileRef = BD569AA0F43533696604EA1C /* Pods_DIGATests.framework */; };
		0D78B0ED286C2B01002CFB48 /* AppDelegate.swift in Sources */ = {isa = PBXBuildFile; fileRef = 0D78B0EC286C2B01002CFB48 /* AppDelegate.swift */; };
		0D78B0EF286C2B01002CFB48 /* ARViewController.swift in Sources */ = {isa = PBXBuildFile; fileRef = 0D78B0EE286C2B01002CFB48 /* ARViewController.swift */; };
		0D78B0F1286C2B01002CFB48 /* Experience.rcproject in Sources */ = {isa = PBXBuildFile; fileRef = 0D78B0F0286C2B01002CFB48 /* Experience.rcproject */; };
		0D78B0F4286C2B01002CFB48 /* Main.storyboard in Resources */ = {isa = PBXBuildFile; fileRef = 0D78B0F2286C2B01002CFB48 /* Main.storyboard */; };
		0D78B0F6286C2B02002CFB48 /* Assets.xcassets in Resources */ = {isa = PBXBuildFile; fileRef = 0D78B0F5286C2B02002CFB48 /* Assets.xcassets */; };
		0D78B0F9286C2B02002CFB48 /* LaunchScreen.storyboard in Resources */ = {isa = PBXBuildFile; fileRef = 0D78B0F7286C2B02002CFB48 /* LaunchScreen.storyboard */; };
		0D78B103286C2B03002CFB48 /* DIGATests.swift in Sources */ = {isa = PBXBuildFile; fileRef = 0D78B102286C2B03002CFB48 /* DIGATests.swift */; };
		0D78B10D286C2B03002CFB48 /* DIGAUITests.swift in Sources */ = {isa = PBXBuildFile; fileRef = 0D78B10C286C2B03002CFB48 /* DIGAUITests.swift */; };
		0D78B10F286C2B03002CFB48 /* DIGAUITestsLaunchTests.swift in Sources */ = {isa = PBXBuildFile; fileRef = 0D78B10E286C2B03002CFB48 /* DIGAUITestsLaunchTests.swift */; };
		0D78B11C286C2BD5002CFB48 /* TopViewContoroller.swift in Sources */ = {isa = PBXBuildFile; fileRef = 0D78B11B286C2BD5002CFB48 /* TopViewContoroller.swift */; };
		0D78B11E286C2BEE002CFB48 /* MapViewController.swift in Sources */ = {isa = PBXBuildFile; fileRef = 0D78B11D286C2BEE002CFB48 /* MapViewController.swift */; };
		0D78B121286C2F91002CFB48 /* CoreLocation.framework in Frameworks */ = {isa = PBXBuildFile; fileRef = 0D78B120286C2F91002CFB48 /* CoreLocation.framework */; };
		0D78B12E286DD2A2002CFB48 /* Picturebook.swift in Sources */ = {isa = PBXBuildFile; fileRef = 0D78B12D286DD2A1002CFB48 /* Picturebook.swift */; };
		3A55CFE32873EAF500CAEA22 /* devFunctions.swift in Sources */ = {isa = PBXBuildFile; fileRef = 3A55CFE22873EAF500CAEA22 /* devFunctions.swift */; };
		3A55CFE52874070800CAEA22 /* amplifyconfiguration.json in Resources */ = {isa = PBXBuildFile; fileRef = 3A55CFE42874070800CAEA22 /* amplifyconfiguration.json */; };
		3A55CFE72874070E00CAEA22 /* awsconfiguration.json in Resources */ = {isa = PBXBuildFile; fileRef = 3A55CFE62874070E00CAEA22 /* awsconfiguration.json */; };
		3A6004A828726260009DA69E /* Assets.xcassets in Resources */ = {isa = PBXBuildFile; fileRef = 3A60049C28726260009DA69E /* Assets.xcassets */; };
		3A6004AA28726260009DA69E /* (null) in Resources */ = {isa = PBXBuildFile; };
		3ADF1E6B286E962F007EB643 /* Character+Schema.swift in Sources */ = {isa = PBXBuildFile; fileRef = 3ADF1E68286E962F007EB643 /* Character+Schema.swift */; };
		3ADF1E6C286E962F007EB643 /* AmplifyModels.swift in Sources */ = {isa = PBXBuildFile; fileRef = 3ADF1E69286E962F007EB643 /* AmplifyModels.swift */; };
		3ADF1E6D286E962F007EB643 /* Character.swift in Sources */ = {isa = PBXBuildFile; fileRef = 3ADF1E6A286E962F007EB643 /* Character.swift */; };
		3ADF1E6F286E9819007EB643 /* AddFriendsTestViewController.swift in Sources */ = {isa = PBXBuildFile; fileRef = 3ADF1E6E286E9819007EB643 /* AddFriendsTestViewController.swift */; };
		B4D38D6EFCC4A3349B23F34E /* Pods_DIGA.framework in Frameworks */ = {isa = PBXBuildFile; fileRef = C094F1BB6423B2EECF004A6A /* Pods_DIGA.framework */; };
		E172058B28706EB100A9D300 /* 7.mp3 in Resources */ = {isa = PBXBuildFile; fileRef = E172057E28706EB100A9D300 /* 7.mp3 */; };
		E172058C28706EB100A9D300 /* 6.mp3 in Resources */ = {isa = PBXBuildFile; fileRef = E172057F28706EB100A9D300 /* 6.mp3 */; };
		E172058D28706EB100A9D300 /* 4.mp3 in Resources */ = {isa = PBXBuildFile; fileRef = E172058028706EB100A9D300 /* 4.mp3 */; };
		E172058E28706EB100A9D300 /* 5.mp3 in Resources */ = {isa = PBXBuildFile; fileRef = E172058128706EB100A9D300 /* 5.mp3 */; };
		E172058F28706EB100A9D300 /* 1.mp3 in Resources */ = {isa = PBXBuildFile; fileRef = E172058228706EB100A9D300 /* 1.mp3 */; };
		E172059028706EB100A9D300 /* 0.mp3 in Resources */ = {isa = PBXBuildFile; fileRef = E172058328706EB100A9D300 /* 0.mp3 */; };
		E172059128706EB100A9D300 /* 2.mp3 in Resources */ = {isa = PBXBuildFile; fileRef = E172058428706EB100A9D300 /* 2.mp3 */; };
		E172059228706EB100A9D300 /* 3.mp3 in Resources */ = {isa = PBXBuildFile; fileRef = E172058528706EB100A9D300 /* 3.mp3 */; };
		E172059328706EB100A9D300 /* undefined.mp3 in Resources */ = {isa = PBXBuildFile; fileRef = E172058628706EB100A9D300 /* undefined.mp3 */; };
		E172059428706EB100A9D300 /* 200.mp3 in Resources */ = {isa = PBXBuildFile; fileRef = E172058728706EB100A9D300 /* 200.mp3 */; };
		E172059528706EB100A9D300 /* 8.mp3 in Resources */ = {isa = PBXBuildFile; fileRef = E172058828706EB100A9D300 /* 8.mp3 */; };
		E172059628706EB100A9D300 /* 9.mp3 in Resources */ = {isa = PBXBuildFile; fileRef = E172058928706EB100A9D300 /* 9.mp3 */; };
		E172059728706EB100A9D300 /* amongs.mp4 in Resources */ = {isa = PBXBuildFile; fileRef = E172058A28706EB100A9D300 /* amongs.mp4 */; };
		E687EF08938B7D1517E9798C /* Pods_DIGA_DIGAUITests.framework in Frameworks */ = {isa = PBXBuildFile; fileRef = D19848E6E9DCDD5ED7ACE72A /* Pods_DIGA_DIGAUITests.framework */; };
/* End PBXBuildFile section */

/* Begin PBXContainerItemProxy section */
		0D78B0FF286C2B03002CFB48 /* PBXContainerItemProxy */ = {
			isa = PBXContainerItemProxy;
			containerPortal = 0D78B0E1286C2B01002CFB48 /* Project object */;
			proxyType = 1;
			remoteGlobalIDString = 0D78B0E8286C2B01002CFB48;
			remoteInfo = DIGA;
		};
		0D78B109286C2B03002CFB48 /* PBXContainerItemProxy */ = {
			isa = PBXContainerItemProxy;
			containerPortal = 0D78B0E1286C2B01002CFB48 /* Project object */;
			proxyType = 1;
			remoteGlobalIDString = 0D78B0E8286C2B01002CFB48;
			remoteInfo = DIGA;
		};
/* End PBXContainerItemProxy section */

/* Begin PBXFileReference section */
		0024C87E482DD78D654BAB38 /* Pods-DIGATests.debug.xcconfig */ = {isa = PBXFileReference; includeInIndex = 1; lastKnownFileType = text.xcconfig; name = "Pods-DIGATests.debug.xcconfig"; path = "Target Support Files/Pods-DIGATests/Pods-DIGATests.debug.xcconfig"; sourceTree = "<group>"; };
		0D78B0E9286C2B01002CFB48 /* DIGA.app */ = {isa = PBXFileReference; explicitFileType = wrapper.application; includeInIndex = 0; path = DIGA.app; sourceTree = BUILT_PRODUCTS_DIR; };
		0D78B0EC286C2B01002CFB48 /* AppDelegate.swift */ = {isa = PBXFileReference; lastKnownFileType = sourcecode.swift; path = AppDelegate.swift; sourceTree = "<group>"; };
		0D78B0EE286C2B01002CFB48 /* ARViewController.swift */ = {isa = PBXFileReference; lastKnownFileType = sourcecode.swift; path = ARViewController.swift; sourceTree = "<group>"; };
		0D78B0F0286C2B01002CFB48 /* Experience.rcproject */ = {isa = PBXFileReference; lastKnownFileType = file.rcproject; path = Experience.rcproject; sourceTree = "<group>"; };
		0D78B0F3286C2B01002CFB48 /* Base */ = {isa = PBXFileReference; lastKnownFileType = file.storyboard; name = Base; path = Base.lproj/Main.storyboard; sourceTree = "<group>"; };
		0D78B0F5286C2B02002CFB48 /* Assets.xcassets */ = {isa = PBXFileReference; lastKnownFileType = folder.assetcatalog; path = Assets.xcassets; sourceTree = "<group>"; };
		0D78B0F8286C2B02002CFB48 /* Base */ = {isa = PBXFileReference; lastKnownFileType = file.storyboard; name = Base; path = Base.lproj/LaunchScreen.storyboard; sourceTree = "<group>"; };
		0D78B0FE286C2B03002CFB48 /* DIGATests.xctest */ = {isa = PBXFileReference; explicitFileType = wrapper.cfbundle; includeInIndex = 0; path = DIGATests.xctest; sourceTree = BUILT_PRODUCTS_DIR; };
		0D78B102286C2B03002CFB48 /* DIGATests.swift */ = {isa = PBXFileReference; lastKnownFileType = sourcecode.swift; path = DIGATests.swift; sourceTree = "<group>"; };
		0D78B108286C2B03002CFB48 /* DIGAUITests.xctest */ = {isa = PBXFileReference; explicitFileType = wrapper.cfbundle; includeInIndex = 0; path = DIGAUITests.xctest; sourceTree = BUILT_PRODUCTS_DIR; };
		0D78B10C286C2B03002CFB48 /* DIGAUITests.swift */ = {isa = PBXFileReference; lastKnownFileType = sourcecode.swift; path = DIGAUITests.swift; sourceTree = "<group>"; };
		0D78B10E286C2B03002CFB48 /* DIGAUITestsLaunchTests.swift */ = {isa = PBXFileReference; lastKnownFileType = sourcecode.swift; path = DIGAUITestsLaunchTests.swift; sourceTree = "<group>"; };
		0D78B11B286C2BD5002CFB48 /* TopViewContoroller.swift */ = {isa = PBXFileReference; lastKnownFileType = sourcecode.swift; path = TopViewContoroller.swift; sourceTree = "<group>"; };
		0D78B11D286C2BEE002CFB48 /* MapViewController.swift */ = {isa = PBXFileReference; lastKnownFileType = sourcecode.swift; path = MapViewController.swift; sourceTree = "<group>"; };
		0D78B120286C2F91002CFB48 /* CoreLocation.framework */ = {isa = PBXFileReference; lastKnownFileType = wrapper.framework; name = CoreLocation.framework; path = System/Library/Frameworks/CoreLocation.framework; sourceTree = SDKROOT; };
		0D78B12D286DD2A1002CFB48 /* Picturebook.swift */ = {isa = PBXFileReference; lastKnownFileType = sourcecode.swift; path = Picturebook.swift; sourceTree = "<group>"; };
		0DD8F86128731B2800315476 /* awsconfiguration.json */ = {isa = PBXFileReference; fileEncoding = 4; lastKnownFileType = text.json; path = awsconfiguration.json; sourceTree = "<group>"; };
		0DD8F86228731B2800315476 /* amplifyconfiguration.json */ = {isa = PBXFileReference; fileEncoding = 4; lastKnownFileType = text.json; path = amplifyconfiguration.json; sourceTree = "<group>"; };
		1941D7930360F076521EA176 /* Pods-DIGA-DIGAUITests.release.xcconfig */ = {isa = PBXFileReference; includeInIndex = 1; lastKnownFileType = text.xcconfig; name = "Pods-DIGA-DIGAUITests.release.xcconfig"; path = "Target Support Files/Pods-DIGA-DIGAUITests/Pods-DIGA-DIGAUITests.release.xcconfig"; sourceTree = "<group>"; };
		3A55CFE22873EAF500CAEA22 /* devFunctions.swift */ = {isa = PBXFileReference; lastKnownFileType = sourcecode.swift; path = devFunctions.swift; sourceTree = "<group>"; };
		3A55CFE42874070800CAEA22 /* amplifyconfiguration.json */ = {isa = PBXFileReference; fileEncoding = 4; lastKnownFileType = text.json; path = amplifyconfiguration.json; sourceTree = SOURCE_ROOT; };
		3A55CFE62874070E00CAEA22 /* awsconfiguration.json */ = {isa = PBXFileReference; fileEncoding = 4; lastKnownFileType = text.json; path = awsconfiguration.json; sourceTree = SOURCE_ROOT; };
		3A60049C28726260009DA69E /* Assets.xcassets */ = {isa = PBXFileReference; lastKnownFileType = folder.assetcatalog; path = Assets.xcassets; sourceTree = "<group>"; };
		3ADF1E68286E962F007EB643 /* Character+Schema.swift */ = {isa = PBXFileReference; fileEncoding = 4; lastKnownFileType = sourcecode.swift; path = "Character+Schema.swift"; sourceTree = "<group>"; };
		3ADF1E69286E962F007EB643 /* AmplifyModels.swift */ = {isa = PBXFileReference; fileEncoding = 4; lastKnownFileType = sourcecode.swift; path = AmplifyModels.swift; sourceTree = "<group>"; };
		3ADF1E6A286E962F007EB643 /* Character.swift */ = {isa = PBXFileReference; fileEncoding = 4; lastKnownFileType = sourcecode.swift; path = Character.swift; sourceTree = "<group>"; };
		3ADF1E6E286E9819007EB643 /* AddFriendsTestViewController.swift */ = {isa = PBXFileReference; lastKnownFileType = sourcecode.swift; path = AddFriendsTestViewController.swift; sourceTree = "<group>"; };
		3F9F833CC2E20B6FBD539CE9 /* Pods-DIGATests.release.xcconfig */ = {isa = PBXFileReference; includeInIndex = 1; lastKnownFileType = text.xcconfig; name = "Pods-DIGATests.release.xcconfig"; path = "Target Support Files/Pods-DIGATests/Pods-DIGATests.release.xcconfig"; sourceTree = "<group>"; };
		41143A7C211BB9552B42443C /* Pods-DIGA.release.xcconfig */ = {isa = PBXFileReference; includeInIndex = 1; lastKnownFileType = text.xcconfig; name = "Pods-DIGA.release.xcconfig"; path = "Target Support Files/Pods-DIGA/Pods-DIGA.release.xcconfig"; sourceTree = "<group>"; };
		B8BBAAB8BB94B309B6FAE108 /* Pods-DIGA.debug.xcconfig */ = {isa = PBXFileReference; includeInIndex = 1; lastKnownFileType = text.xcconfig; name = "Pods-DIGA.debug.xcconfig"; path = "Target Support Files/Pods-DIGA/Pods-DIGA.debug.xcconfig"; sourceTree = "<group>"; };
		BD569AA0F43533696604EA1C /* Pods_DIGATests.framework */ = {isa = PBXFileReference; explicitFileType = wrapper.framework; includeInIndex = 0; path = Pods_DIGATests.framework; sourceTree = BUILT_PRODUCTS_DIR; };
		C094F1BB6423B2EECF004A6A /* Pods_DIGA.framework */ = {isa = PBXFileReference; explicitFileType = wrapper.framework; includeInIndex = 0; path = Pods_DIGA.framework; sourceTree = BUILT_PRODUCTS_DIR; };
		D19848E6E9DCDD5ED7ACE72A /* Pods_DIGA_DIGAUITests.framework */ = {isa = PBXFileReference; explicitFileType = wrapper.framework; includeInIndex = 0; path = Pods_DIGA_DIGAUITests.framework; sourceTree = BUILT_PRODUCTS_DIR; };
		D2D9E66A57DDE9024533B580 /* Pods-DIGA-DIGAUITests.debug.xcconfig */ = {isa = PBXFileReference; includeInIndex = 1; lastKnownFileType = text.xcconfig; name = "Pods-DIGA-DIGAUITests.debug.xcconfig"; path = "Target Support Files/Pods-DIGA-DIGAUITests/Pods-DIGA-DIGAUITests.debug.xcconfig"; sourceTree = "<group>"; };
		E172057E28706EB100A9D300 /* 7.mp3 */ = {isa = PBXFileReference; lastKnownFileType = audio.mp3; path = 7.mp3; sourceTree = "<group>"; };
		E172057F28706EB100A9D300 /* 6.mp3 */ = {isa = PBXFileReference; lastKnownFileType = audio.mp3; path = 6.mp3; sourceTree = "<group>"; };
		E172058028706EB100A9D300 /* 4.mp3 */ = {isa = PBXFileReference; lastKnownFileType = audio.mp3; path = 4.mp3; sourceTree = "<group>"; };
		E172058128706EB100A9D300 /* 5.mp3 */ = {isa = PBXFileReference; lastKnownFileType = audio.mp3; path = 5.mp3; sourceTree = "<group>"; };
		E172058228706EB100A9D300 /* 1.mp3 */ = {isa = PBXFileReference; lastKnownFileType = audio.mp3; path = 1.mp3; sourceTree = "<group>"; };
		E172058328706EB100A9D300 /* 0.mp3 */ = {isa = PBXFileReference; lastKnownFileType = audio.mp3; path = 0.mp3; sourceTree = "<group>"; };
		E172058428706EB100A9D300 /* 2.mp3 */ = {isa = PBXFileReference; lastKnownFileType = audio.mp3; path = 2.mp3; sourceTree = "<group>"; };
		E172058528706EB100A9D300 /* 3.mp3 */ = {isa = PBXFileReference; lastKnownFileType = audio.mp3; path = 3.mp3; sourceTree = "<group>"; };
		E172058628706EB100A9D300 /* undefined.mp3 */ = {isa = PBXFileReference; lastKnownFileType = audio.mp3; path = undefined.mp3; sourceTree = "<group>"; };
		E172058728706EB100A9D300 /* 200.mp3 */ = {isa = PBXFileReference; lastKnownFileType = audio.mp3; path = 200.mp3; sourceTree = "<group>"; };
		E172058828706EB100A9D300 /* 8.mp3 */ = {isa = PBXFileReference; lastKnownFileType = audio.mp3; path = 8.mp3; sourceTree = "<group>"; };
		E172058928706EB100A9D300 /* 9.mp3 */ = {isa = PBXFileReference; lastKnownFileType = audio.mp3; path = 9.mp3; sourceTree = "<group>"; };
		E172058A28706EB100A9D300 /* amongs.mp4 */ = {isa = PBXFileReference; lastKnownFileType = file; path = amongs.mp4; sourceTree = "<group>"; };
/* End PBXFileReference section */

/* Begin PBXFrameworksBuildPhase section */
		0D78B0E6286C2B01002CFB48 /* Frameworks */ = {
			isa = PBXFrameworksBuildPhase;
			buildActionMask = 2147483647;
			files = (
				0D78B121286C2F91002CFB48 /* CoreLocation.framework in Frameworks */,
				B4D38D6EFCC4A3349B23F34E /* Pods_DIGA.framework in Frameworks */,
			);
			runOnlyForDeploymentPostprocessing = 0;
		};
		0D78B0FB286C2B03002CFB48 /* Frameworks */ = {
			isa = PBXFrameworksBuildPhase;
			buildActionMask = 2147483647;
			files = (
				06969B1DD0E3A11B46C7766A /* Pods_DIGATests.framework in Frameworks */,
			);
			runOnlyForDeploymentPostprocessing = 0;
		};
		0D78B105286C2B03002CFB48 /* Frameworks */ = {
			isa = PBXFrameworksBuildPhase;
			buildActionMask = 2147483647;
			files = (
				E687EF08938B7D1517E9798C /* Pods_DIGA_DIGAUITests.framework in Frameworks */,
			);
			runOnlyForDeploymentPostprocessing = 0;
		};
/* End PBXFrameworksBuildPhase section */

/* Begin PBXGroup section */
		0D78B0E0286C2B01002CFB48 = {
			isa = PBXGroup;
			children = (
				E172057D28706EB100A9D300 /* Audio */,
				0D78B0EB286C2B01002CFB48 /* DIGA */,
				0D78B101286C2B03002CFB48 /* DIGATests */,
				0D78B10B286C2B03002CFB48 /* DIGAUITests */,
				0D78B0EA286C2B01002CFB48 /* Products */,
				0D78B11F286C2F91002CFB48 /* Frameworks */,
				94948D3BFCB5ECF561EAE03D /* Pods */,
				0D7DFCC128731DD6001B015C /* Recovered References */,
			);
			sourceTree = "<group>";
		};
		0D78B0EA286C2B01002CFB48 /* Products */ = {
			isa = PBXGroup;
			children = (
				0D78B0E9286C2B01002CFB48 /* DIGA.app */,
				0D78B0FE286C2B03002CFB48 /* DIGATests.xctest */,
				0D78B108286C2B03002CFB48 /* DIGAUITests.xctest */,
			);
			name = Products;
			sourceTree = "<group>";
		};
		0D78B0EB286C2B01002CFB48 /* DIGA */ = {
			isa = PBXGroup;
			children = (
				3A55CFE42874070800CAEA22 /* amplifyconfiguration.json */,
				3A55CFE62874070E00CAEA22 /* awsconfiguration.json */,
				3A60049A28726260009DA69E /* Recovered References */,
				3ADF1E67286E962F007EB643 /* models */,
				0D78B0EC286C2B01002CFB48 /* AppDelegate.swift */,
				0D78B11B286C2BD5002CFB48 /* TopViewContoroller.swift */,
				0D78B11D286C2BEE002CFB48 /* MapViewController.swift */,
				0D78B0EE286C2B01002CFB48 /* ARViewController.swift */,
				0D78B12D286DD2A1002CFB48 /* Picturebook.swift */,
				0D78B0F0286C2B01002CFB48 /* Experience.rcproject */,
				0D78B0F5286C2B02002CFB48 /* Assets.xcassets */,
				0D78B0F2286C2B01002CFB48 /* Main.storyboard */,
				0D78B0F7286C2B02002CFB48 /* LaunchScreen.storyboard */,
				3ADF1E6E286E9819007EB643 /* AddFriendsTestViewController.swift */,
				3A55CFE22873EAF500CAEA22 /* devFunctions.swift */,
			);
			path = DIGA;
			sourceTree = "<group>";
		};
		0D78B101286C2B03002CFB48 /* DIGATests */ = {
			isa = PBXGroup;
			children = (
				0D78B102286C2B03002CFB48 /* DIGATests.swift */,
			);
			path = DIGATests;
			sourceTree = "<group>";
		};
		0D78B10B286C2B03002CFB48 /* DIGAUITests */ = {
			isa = PBXGroup;
			children = (
				0D78B10C286C2B03002CFB48 /* DIGAUITests.swift */,
				0D78B10E286C2B03002CFB48 /* DIGAUITestsLaunchTests.swift */,
			);
			path = DIGAUITests;
			sourceTree = "<group>";
		};
		0D78B11F286C2F91002CFB48 /* Frameworks */ = {
			isa = PBXGroup;
			children = (
				0D78B120286C2F91002CFB48 /* CoreLocation.framework */,
				C094F1BB6423B2EECF004A6A /* Pods_DIGA.framework */,
				D19848E6E9DCDD5ED7ACE72A /* Pods_DIGA_DIGAUITests.framework */,
				BD569AA0F43533696604EA1C /* Pods_DIGATests.framework */,
			);
			name = Frameworks;
			sourceTree = "<group>";
		};
		0D7DFCC128731DD6001B015C /* Recovered References */ = {
			isa = PBXGroup;
			children = (
				0DD8F86128731B2800315476 /* awsconfiguration.json */,
				0DD8F86228731B2800315476 /* amplifyconfiguration.json */,
			);
			name = "Recovered References";
			sourceTree = "<group>";
		};
		3A60049A28726260009DA69E /* Recovered References */ = {
			isa = PBXGroup;
			children = (
				3A60049C28726260009DA69E /* Assets.xcassets */,
			);
			name = "Recovered References";
			sourceTree = "<group>";
		};
		3ADF1E67286E962F007EB643 /* models */ = {
			isa = PBXGroup;
			children = (
				3ADF1E68286E962F007EB643 /* Character+Schema.swift */,
				3ADF1E69286E962F007EB643 /* AmplifyModels.swift */,
				3ADF1E6A286E962F007EB643 /* Character.swift */,
			);
			name = models;
			path = amplify/generated/models;
			sourceTree = SOURCE_ROOT;
		};
		94948D3BFCB5ECF561EAE03D /* Pods */ = {
			isa = PBXGroup;
			children = (
				B8BBAAB8BB94B309B6FAE108 /* Pods-DIGA.debug.xcconfig */,
				41143A7C211BB9552B42443C /* Pods-DIGA.release.xcconfig */,
				D2D9E66A57DDE9024533B580 /* Pods-DIGA-DIGAUITests.debug.xcconfig */,
				1941D7930360F076521EA176 /* Pods-DIGA-DIGAUITests.release.xcconfig */,
				0024C87E482DD78D654BAB38 /* Pods-DIGATests.debug.xcconfig */,
				3F9F833CC2E20B6FBD539CE9 /* Pods-DIGATests.release.xcconfig */,
			);
			path = Pods;
			sourceTree = "<group>";
		};
		E172057D28706EB100A9D300 /* Audio */ = {
			isa = PBXGroup;
			children = (
				E172057E28706EB100A9D300 /* 7.mp3 */,
				E172057F28706EB100A9D300 /* 6.mp3 */,
				E172058028706EB100A9D300 /* 4.mp3 */,
				E172058128706EB100A9D300 /* 5.mp3 */,
				E172058228706EB100A9D300 /* 1.mp3 */,
				E172058328706EB100A9D300 /* 0.mp3 */,
				E172058428706EB100A9D300 /* 2.mp3 */,
				E172058528706EB100A9D300 /* 3.mp3 */,
				E172058628706EB100A9D300 /* undefined.mp3 */,
				E172058728706EB100A9D300 /* 200.mp3 */,
				E172058828706EB100A9D300 /* 8.mp3 */,
				E172058928706EB100A9D300 /* 9.mp3 */,
				E172058A28706EB100A9D300 /* amongs.mp4 */,
			);
			path = Audio;
			sourceTree = "<group>";
		};
/* End PBXGroup section */

/* Begin PBXNativeTarget section */
		0D78B0E8286C2B01002CFB48 /* DIGA */ = {
			isa = PBXNativeTarget;
			buildConfigurationList = 0D78B112286C2B03002CFB48 /* Build configuration list for PBXNativeTarget "DIGA" */;
			buildPhases = (
				F05BB42149664540A10F2330 /* [CP] Check Pods Manifest.lock */,
				0D78B0E5286C2B01002CFB48 /* Sources */,
				0D78B0E6286C2B01002CFB48 /* Frameworks */,
				0D78B0E7286C2B01002CFB48 /* Resources */,
				834D0B394A8C3C6694946715 /* [CP] Embed Pods Frameworks */,
			);
			buildRules = (
			);
			dependencies = (
			);
			name = DIGA;
			productName = DIGA;
			productReference = 0D78B0E9286C2B01002CFB48 /* DIGA.app */;
			productType = "com.apple.product-type.application";
		};
		0D78B0FD286C2B03002CFB48 /* DIGATests */ = {
			isa = PBXNativeTarget;
			buildConfigurationList = 0D78B115286C2B03002CFB48 /* Build configuration list for PBXNativeTarget "DIGATests" */;
			buildPhases = (
				BD525CAD4C0FF5B8155DC815 /* [CP] Check Pods Manifest.lock */,
				0D78B0FA286C2B03002CFB48 /* Sources */,
				0D78B0FB286C2B03002CFB48 /* Frameworks */,
				0D78B0FC286C2B03002CFB48 /* Resources */,
			);
			buildRules = (
			);
			dependencies = (
				0D78B100286C2B03002CFB48 /* PBXTargetDependency */,
			);
			name = DIGATests;
			productName = DIGATests;
			productReference = 0D78B0FE286C2B03002CFB48 /* DIGATests.xctest */;
			productType = "com.apple.product-type.bundle.unit-test";
		};
		0D78B107286C2B03002CFB48 /* DIGAUITests */ = {
			isa = PBXNativeTarget;
			buildConfigurationList = 0D78B118286C2B03002CFB48 /* Build configuration list for PBXNativeTarget "DIGAUITests" */;
			buildPhases = (
				925AE917B0F91E2177725549 /* [CP] Check Pods Manifest.lock */,
				0D78B104286C2B03002CFB48 /* Sources */,
				0D78B105286C2B03002CFB48 /* Frameworks */,
				0D78B106286C2B03002CFB48 /* Resources */,
				2E8D69F0DCCBBEAFAC54B49C /* [CP] Embed Pods Frameworks */,
			);
			buildRules = (
			);
			dependencies = (
				0D78B10A286C2B03002CFB48 /* PBXTargetDependency */,
			);
			name = DIGAUITests;
			productName = DIGAUITests;
			productReference = 0D78B108286C2B03002CFB48 /* DIGAUITests.xctest */;
			productType = "com.apple.product-type.bundle.ui-testing";
		};
/* End PBXNativeTarget section */

/* Begin PBXProject section */
		0D78B0E1286C2B01002CFB48 /* Project object */ = {
			isa = PBXProject;
			attributes = {
				BuildIndependentTargetsInParallel = 1;
				LastSwiftUpdateCheck = 1340;
				LastUpgradeCheck = 1340;
				TargetAttributes = {
					0D78B0E8286C2B01002CFB48 = {
						CreatedOnToolsVersion = 13.4;
					};
					0D78B0FD286C2B03002CFB48 = {
						CreatedOnToolsVersion = 13.4;
						TestTargetID = 0D78B0E8286C2B01002CFB48;
					};
					0D78B107286C2B03002CFB48 = {
						CreatedOnToolsVersion = 13.4;
						TestTargetID = 0D78B0E8286C2B01002CFB48;
					};
				};
			};
			buildConfigurationList = 0D78B0E4286C2B01002CFB48 /* Build configuration list for PBXProject "DIGA" */;
			compatibilityVersion = "Xcode 13.0";
			developmentRegion = en;
			hasScannedForEncodings = 0;
			knownRegions = (
				en,
				Base,
			);
			mainGroup = 0D78B0E0286C2B01002CFB48;
			productRefGroup = 0D78B0EA286C2B01002CFB48 /* Products */;
			projectDirPath = "";
			projectRoot = "";
			targets = (
				0D78B0E8286C2B01002CFB48 /* DIGA */,
				0D78B0FD286C2B03002CFB48 /* DIGATests */,
				0D78B107286C2B03002CFB48 /* DIGAUITests */,
			);
		};
/* End PBXProject section */

/* Begin PBXResourcesBuildPhase section */
		0D78B0E7286C2B01002CFB48 /* Resources */ = {
			isa = PBXResourcesBuildPhase;
			buildActionMask = 2147483647;
			files = (
				3A55CFE72874070E00CAEA22 /* awsconfiguration.json in Resources */,
				E172059228706EB100A9D300 /* 3.mp3 in Resources */,
				E172059428706EB100A9D300 /* 200.mp3 in Resources */,
				E172058E28706EB100A9D300 /* 5.mp3 in Resources */,
				E172059628706EB100A9D300 /* 9.mp3 in Resources */,
				0D78B0F9286C2B02002CFB48 /* LaunchScreen.storyboard in Resources */,
				0D78B0F6286C2B02002CFB48 /* Assets.xcassets in Resources */,
				3A6004AA28726260009DA69E /* (null) in Resources */,
				E172059028706EB100A9D300 /* 0.mp3 in Resources */,
				E172059328706EB100A9D300 /* undefined.mp3 in Resources */,
				3A55CFE52874070800CAEA22 /* amplifyconfiguration.json in Resources */,
				E172058B28706EB100A9D300 /* 7.mp3 in Resources */,
				E172058F28706EB100A9D300 /* 1.mp3 in Resources */,
				E172059528706EB100A9D300 /* 8.mp3 in Resources */,
				E172058D28706EB100A9D300 /* 4.mp3 in Resources */,
				E172059128706EB100A9D300 /* 2.mp3 in Resources */,
				0D78B0F4286C2B01002CFB48 /* Main.storyboard in Resources */,
				E172059728706EB100A9D300 /* amongs.mp4 in Resources */,
				3A6004A828726260009DA69E /* Assets.xcassets in Resources */,
				E172058C28706EB100A9D300 /* 6.mp3 in Resources */,
			);
			runOnlyForDeploymentPostprocessing = 0;
		};
		0D78B0FC286C2B03002CFB48 /* Resources */ = {
			isa = PBXResourcesBuildPhase;
			buildActionMask = 2147483647;
			files = (
			);
			runOnlyForDeploymentPostprocessing = 0;
		};
		0D78B106286C2B03002CFB48 /* Resources */ = {
			isa = PBXResourcesBuildPhase;
			buildActionMask = 2147483647;
			files = (
			);
			runOnlyForDeploymentPostprocessing = 0;
		};
/* End PBXResourcesBuildPhase section */

/* Begin PBXShellScriptBuildPhase section */
		2E8D69F0DCCBBEAFAC54B49C /* [CP] Embed Pods Frameworks */ = {
			isa = PBXShellScriptBuildPhase;
			buildActionMask = 2147483647;
			files = (
			);
			inputFileListPaths = (
				"${PODS_ROOT}/Target Support Files/Pods-DIGA-DIGAUITests/Pods-DIGA-DIGAUITests-frameworks-${CONFIGURATION}-input-files.xcfilelist",
			);
			name = "[CP] Embed Pods Frameworks";
			outputFileListPaths = (
				"${PODS_ROOT}/Target Support Files/Pods-DIGA-DIGAUITests/Pods-DIGA-DIGAUITests-frameworks-${CONFIGURATION}-output-files.xcfilelist",
			);
			runOnlyForDeploymentPostprocessing = 0;
			shellPath = /bin/sh;
			shellScript = "\"${PODS_ROOT}/Target Support Files/Pods-DIGA-DIGAUITests/Pods-DIGA-DIGAUITests-frameworks.sh\"\n";
			showEnvVarsInLog = 0;
		};
		834D0B394A8C3C6694946715 /* [CP] Embed Pods Frameworks */ = {
			isa = PBXShellScriptBuildPhase;
			buildActionMask = 2147483647;
			files = (
			);
			inputFileListPaths = (
				"${PODS_ROOT}/Target Support Files/Pods-DIGA/Pods-DIGA-frameworks-${CONFIGURATION}-input-files.xcfilelist",
			);
			name = "[CP] Embed Pods Frameworks";
			outputFileListPaths = (
				"${PODS_ROOT}/Target Support Files/Pods-DIGA/Pods-DIGA-frameworks-${CONFIGURATION}-output-files.xcfilelist",
			);
			runOnlyForDeploymentPostprocessing = 0;
			shellPath = /bin/sh;
			shellScript = "\"${PODS_ROOT}/Target Support Files/Pods-DIGA/Pods-DIGA-frameworks.sh\"\n";
			showEnvVarsInLog = 0;
		};
		925AE917B0F91E2177725549 /* [CP] Check Pods Manifest.lock */ = {
			isa = PBXShellScriptBuildPhase;
			buildActionMask = 2147483647;
			files = (
			);
			inputFileListPaths = (
			);
			inputPaths = (
				"${PODS_PODFILE_DIR_PATH}/Podfile.lock",
				"${PODS_ROOT}/Manifest.lock",
			);
			name = "[CP] Check Pods Manifest.lock";
			outputFileListPaths = (
			);
			outputPaths = (
				"$(DERIVED_FILE_DIR)/Pods-DIGA-DIGAUITests-checkManifestLockResult.txt",
			);
			runOnlyForDeploymentPostprocessing = 0;
			shellPath = /bin/sh;
			shellScript = "diff \"${PODS_PODFILE_DIR_PATH}/Podfile.lock\" \"${PODS_ROOT}/Manifest.lock\" > /dev/null\nif [ $? != 0 ] ; then\n    # print error to STDERR\n    echo \"error: The sandbox is not in sync with the Podfile.lock. Run 'pod install' or update your CocoaPods installation.\" >&2\n    exit 1\nfi\n# This output is used by Xcode 'outputs' to avoid re-running this script phase.\necho \"SUCCESS\" > \"${SCRIPT_OUTPUT_FILE_0}\"\n";
			showEnvVarsInLog = 0;
		};
		BD525CAD4C0FF5B8155DC815 /* [CP] Check Pods Manifest.lock */ = {
			isa = PBXShellScriptBuildPhase;
			buildActionMask = 2147483647;
			files = (
			);
			inputFileListPaths = (
			);
			inputPaths = (
				"${PODS_PODFILE_DIR_PATH}/Podfile.lock",
				"${PODS_ROOT}/Manifest.lock",
			);
			name = "[CP] Check Pods Manifest.lock";
			outputFileListPaths = (
			);
			outputPaths = (
				"$(DERIVED_FILE_DIR)/Pods-DIGATests-checkManifestLockResult.txt",
			);
			runOnlyForDeploymentPostprocessing = 0;
			shellPath = /bin/sh;
			shellScript = "diff \"${PODS_PODFILE_DIR_PATH}/Podfile.lock\" \"${PODS_ROOT}/Manifest.lock\" > /dev/null\nif [ $? != 0 ] ; then\n    # print error to STDERR\n    echo \"error: The sandbox is not in sync with the Podfile.lock. Run 'pod install' or update your CocoaPods installation.\" >&2\n    exit 1\nfi\n# This output is used by Xcode 'outputs' to avoid re-running this script phase.\necho \"SUCCESS\" > \"${SCRIPT_OUTPUT_FILE_0}\"\n";
			showEnvVarsInLog = 0;
		};
		F05BB42149664540A10F2330 /* [CP] Check Pods Manifest.lock */ = {
			isa = PBXShellScriptBuildPhase;
			buildActionMask = 2147483647;
			files = (
			);
			inputFileListPaths = (
			);
			inputPaths = (
				"${PODS_PODFILE_DIR_PATH}/Podfile.lock",
				"${PODS_ROOT}/Manifest.lock",
			);
			name = "[CP] Check Pods Manifest.lock";
			outputFileListPaths = (
			);
			outputPaths = (
				"$(DERIVED_FILE_DIR)/Pods-DIGA-checkManifestLockResult.txt",
			);
			runOnlyForDeploymentPostprocessing = 0;
			shellPath = /bin/sh;
			shellScript = "diff \"${PODS_PODFILE_DIR_PATH}/Podfile.lock\" \"${PODS_ROOT}/Manifest.lock\" > /dev/null\nif [ $? != 0 ] ; then\n    # print error to STDERR\n    echo \"error: The sandbox is not in sync with the Podfile.lock. Run 'pod install' or update your CocoaPods installation.\" >&2\n    exit 1\nfi\n# This output is used by Xcode 'outputs' to avoid re-running this script phase.\necho \"SUCCESS\" > \"${SCRIPT_OUTPUT_FILE_0}\"\n";
			showEnvVarsInLog = 0;
		};
/* End PBXShellScriptBuildPhase section */

/* Begin PBXSourcesBuildPhase section */
		0D78B0E5286C2B01002CFB48 /* Sources */ = {
			isa = PBXSourcesBuildPhase;
			buildActionMask = 2147483647;
			files = (
				3ADF1E6D286E962F007EB643 /* Character.swift in Sources */,
				0D78B11C286C2BD5002CFB48 /* TopViewContoroller.swift in Sources */,
				3ADF1E6B286E962F007EB643 /* Character+Schema.swift in Sources */,
				0D78B12E286DD2A2002CFB48 /* Picturebook.swift in Sources */,
				3ADF1E6F286E9819007EB643 /* AddFriendsTestViewController.swift in Sources */,
				3A55CFE32873EAF500CAEA22 /* devFunctions.swift in Sources */,
				0D78B0EF286C2B01002CFB48 /* ARViewController.swift in Sources */,
				3ADF1E6C286E962F007EB643 /* AmplifyModels.swift in Sources */,
				0D78B0EF286C2B01002CFB48 /* ARViewController.swift in Sources */,
				0D78B0ED286C2B01002CFB48 /* AppDelegate.swift in Sources */,
				0D78B11E286C2BEE002CFB48 /* MapViewController.swift in Sources */,
				0D78B0F1286C2B01002CFB48 /* Experience.rcproject in Sources */,
			);
			runOnlyForDeploymentPostprocessing = 0;
		};
		0D78B0FA286C2B03002CFB48 /* Sources */ = {
			isa = PBXSourcesBuildPhase;
			buildActionMask = 2147483647;
			files = (
				0D78B103286C2B03002CFB48 /* DIGATests.swift in Sources */,
			);
			runOnlyForDeploymentPostprocessing = 0;
		};
		0D78B104286C2B03002CFB48 /* Sources */ = {
			isa = PBXSourcesBuildPhase;
			buildActionMask = 2147483647;
			files = (
				0D78B10D286C2B03002CFB48 /* DIGAUITests.swift in Sources */,
				0D78B10F286C2B03002CFB48 /* DIGAUITestsLaunchTests.swift in Sources */,
			);
			runOnlyForDeploymentPostprocessing = 0;
		};
/* End PBXSourcesBuildPhase section */

/* Begin PBXTargetDependency section */
		0D78B100286C2B03002CFB48 /* PBXTargetDependency */ = {
			isa = PBXTargetDependency;
			target = 0D78B0E8286C2B01002CFB48 /* DIGA */;
			targetProxy = 0D78B0FF286C2B03002CFB48 /* PBXContainerItemProxy */;
		};
		0D78B10A286C2B03002CFB48 /* PBXTargetDependency */ = {
			isa = PBXTargetDependency;
			target = 0D78B0E8286C2B01002CFB48 /* DIGA */;
			targetProxy = 0D78B109286C2B03002CFB48 /* PBXContainerItemProxy */;
		};
/* End PBXTargetDependency section */

/* Begin PBXVariantGroup section */
		0D78B0F2286C2B01002CFB48 /* Main.storyboard */ = {
			isa = PBXVariantGroup;
			children = (
				0D78B0F3286C2B01002CFB48 /* Base */,
			);
			name = Main.storyboard;
			sourceTree = "<group>";
		};
		0D78B0F7286C2B02002CFB48 /* LaunchScreen.storyboard */ = {
			isa = PBXVariantGroup;
			children = (
				0D78B0F8286C2B02002CFB48 /* Base */,
			);
			name = LaunchScreen.storyboard;
			sourceTree = "<group>";
		};
/* End PBXVariantGroup section */

/* Begin XCBuildConfiguration section */
		0D78B110286C2B03002CFB48 /* Debug */ = {
			isa = XCBuildConfiguration;
			buildSettings = {
				ALWAYS_SEARCH_USER_PATHS = NO;
				CLANG_ANALYZER_NONNULL = YES;
				CLANG_ANALYZER_NUMBER_OBJECT_CONVERSION = YES_AGGRESSIVE;
				CLANG_CXX_LANGUAGE_STANDARD = "gnu++17";
				CLANG_ENABLE_MODULES = YES;
				CLANG_ENABLE_OBJC_ARC = YES;
				CLANG_ENABLE_OBJC_WEAK = YES;
				CLANG_WARN_BLOCK_CAPTURE_AUTORELEASING = YES;
				CLANG_WARN_BOOL_CONVERSION = YES;
				CLANG_WARN_COMMA = YES;
				CLANG_WARN_CONSTANT_CONVERSION = YES;
				CLANG_WARN_DEPRECATED_OBJC_IMPLEMENTATIONS = YES;
				CLANG_WARN_DIRECT_OBJC_ISA_USAGE = YES_ERROR;
				CLANG_WARN_DOCUMENTATION_COMMENTS = YES;
				CLANG_WARN_EMPTY_BODY = YES;
				CLANG_WARN_ENUM_CONVERSION = YES;
				CLANG_WARN_INFINITE_RECURSION = YES;
				CLANG_WARN_INT_CONVERSION = YES;
				CLANG_WARN_NON_LITERAL_NULL_CONVERSION = YES;
				CLANG_WARN_OBJC_IMPLICIT_RETAIN_SELF = YES;
				CLANG_WARN_OBJC_LITERAL_CONVERSION = YES;
				CLANG_WARN_OBJC_ROOT_CLASS = YES_ERROR;
				CLANG_WARN_QUOTED_INCLUDE_IN_FRAMEWORK_HEADER = YES;
				CLANG_WARN_RANGE_LOOP_ANALYSIS = YES;
				CLANG_WARN_STRICT_PROTOTYPES = YES;
				CLANG_WARN_SUSPICIOUS_MOVE = YES;
				CLANG_WARN_UNGUARDED_AVAILABILITY = YES_AGGRESSIVE;
				CLANG_WARN_UNREACHABLE_CODE = YES;
				CLANG_WARN__DUPLICATE_METHOD_MATCH = YES;
				COPY_PHASE_STRIP = NO;
				DEBUG_INFORMATION_FORMAT = dwarf;
				ENABLE_STRICT_OBJC_MSGSEND = YES;
				ENABLE_TESTABILITY = YES;
				GCC_C_LANGUAGE_STANDARD = gnu11;
				GCC_DYNAMIC_NO_PIC = NO;
				GCC_NO_COMMON_BLOCKS = YES;
				GCC_OPTIMIZATION_LEVEL = 0;
				GCC_PREPROCESSOR_DEFINITIONS = (
					"DEBUG=1",
					"$(inherited)",
				);
				GCC_WARN_64_TO_32_BIT_CONVERSION = YES;
				GCC_WARN_ABOUT_RETURN_TYPE = YES_ERROR;
				GCC_WARN_UNDECLARED_SELECTOR = YES;
				GCC_WARN_UNINITIALIZED_AUTOS = YES_AGGRESSIVE;
				GCC_WARN_UNUSED_FUNCTION = YES;
				GCC_WARN_UNUSED_VARIABLE = YES;
				IPHONEOS_DEPLOYMENT_TARGET = 15.5;
				MTL_ENABLE_DEBUG_INFO = INCLUDE_SOURCE;
				MTL_FAST_MATH = YES;
				ONLY_ACTIVE_ARCH = YES;
				SDKROOT = iphoneos;
				SWIFT_ACTIVE_COMPILATION_CONDITIONS = DEBUG;
				SWIFT_OPTIMIZATION_LEVEL = "-Onone";
			};
			name = Debug;
		};
		0D78B111286C2B03002CFB48 /* Release */ = {
			isa = XCBuildConfiguration;
			buildSettings = {
				ALWAYS_SEARCH_USER_PATHS = NO;
				CLANG_ANALYZER_NONNULL = YES;
				CLANG_ANALYZER_NUMBER_OBJECT_CONVERSION = YES_AGGRESSIVE;
				CLANG_CXX_LANGUAGE_STANDARD = "gnu++17";
				CLANG_ENABLE_MODULES = YES;
				CLANG_ENABLE_OBJC_ARC = YES;
				CLANG_ENABLE_OBJC_WEAK = YES;
				CLANG_WARN_BLOCK_CAPTURE_AUTORELEASING = YES;
				CLANG_WARN_BOOL_CONVERSION = YES;
				CLANG_WARN_COMMA = YES;
				CLANG_WARN_CONSTANT_CONVERSION = YES;
				CLANG_WARN_DEPRECATED_OBJC_IMPLEMENTATIONS = YES;
				CLANG_WARN_DIRECT_OBJC_ISA_USAGE = YES_ERROR;
				CLANG_WARN_DOCUMENTATION_COMMENTS = YES;
				CLANG_WARN_EMPTY_BODY = YES;
				CLANG_WARN_ENUM_CONVERSION = YES;
				CLANG_WARN_INFINITE_RECURSION = YES;
				CLANG_WARN_INT_CONVERSION = YES;
				CLANG_WARN_NON_LITERAL_NULL_CONVERSION = YES;
				CLANG_WARN_OBJC_IMPLICIT_RETAIN_SELF = YES;
				CLANG_WARN_OBJC_LITERAL_CONVERSION = YES;
				CLANG_WARN_OBJC_ROOT_CLASS = YES_ERROR;
				CLANG_WARN_QUOTED_INCLUDE_IN_FRAMEWORK_HEADER = YES;
				CLANG_WARN_RANGE_LOOP_ANALYSIS = YES;
				CLANG_WARN_STRICT_PROTOTYPES = YES;
				CLANG_WARN_SUSPICIOUS_MOVE = YES;
				CLANG_WARN_UNGUARDED_AVAILABILITY = YES_AGGRESSIVE;
				CLANG_WARN_UNREACHABLE_CODE = YES;
				CLANG_WARN__DUPLICATE_METHOD_MATCH = YES;
				COPY_PHASE_STRIP = NO;
				DEBUG_INFORMATION_FORMAT = "dwarf-with-dsym";
				ENABLE_NS_ASSERTIONS = NO;
				ENABLE_STRICT_OBJC_MSGSEND = YES;
				GCC_C_LANGUAGE_STANDARD = gnu11;
				GCC_NO_COMMON_BLOCKS = YES;
				GCC_WARN_64_TO_32_BIT_CONVERSION = YES;
				GCC_WARN_ABOUT_RETURN_TYPE = YES_ERROR;
				GCC_WARN_UNDECLARED_SELECTOR = YES;
				GCC_WARN_UNINITIALIZED_AUTOS = YES_AGGRESSIVE;
				GCC_WARN_UNUSED_FUNCTION = YES;
				GCC_WARN_UNUSED_VARIABLE = YES;
				IPHONEOS_DEPLOYMENT_TARGET = 15.5;
				MTL_ENABLE_DEBUG_INFO = NO;
				MTL_FAST_MATH = YES;
				SDKROOT = iphoneos;
				SWIFT_COMPILATION_MODE = wholemodule;
				SWIFT_OPTIMIZATION_LEVEL = "-O";
				VALIDATE_PRODUCT = YES;
			};
			name = Release;
		};
		0D78B113286C2B03002CFB48 /* Debug */ = {
			isa = XCBuildConfiguration;
			baseConfigurationReference = B8BBAAB8BB94B309B6FAE108 /* Pods-DIGA.debug.xcconfig */;
			buildSettings = {
				ASSETCATALOG_COMPILER_APPICON_NAME = AppIcon;
				ASSETCATALOG_COMPILER_GLOBAL_ACCENT_COLOR_NAME = AccentColor;
				CODE_SIGN_IDENTITY = "Apple Development";
				CODE_SIGN_STYLE = Automatic;
				CURRENT_PROJECT_VERSION = 1;
				DEVELOPMENT_TEAM = 4W9BJUAY8P;
				GENERATE_INFOPLIST_FILE = YES;
				INFOPLIST_KEY_NSCameraUsageDescription = "";
				INFOPLIST_KEY_NSLocationAlwaysUsageDescription = "常に許可";
				INFOPLIST_KEY_NSLocationWhenInUseUsageDescription = "一度だけ許可";
				INFOPLIST_KEY_UIApplicationSupportsIndirectInputEvents = YES;
				INFOPLIST_KEY_UILaunchStoryboardName = LaunchScreen;
				INFOPLIST_KEY_UIMainStoryboardFile = Main;
				INFOPLIST_KEY_UIRequiredDeviceCapabilities = arkit;
				INFOPLIST_KEY_UIStatusBarHidden = YES;
				INFOPLIST_KEY_UISupportedInterfaceOrientations_iPad = "UIInterfaceOrientationPortrait UIInterfaceOrientationPortraitUpsideDown UIInterfaceOrientationLandscapeLeft UIInterfaceOrientationLandscapeRight";
				INFOPLIST_KEY_UISupportedInterfaceOrientations_iPhone = "UIInterfaceOrientationPortrait UIInterfaceOrientationLandscapeLeft UIInterfaceOrientationLandscapeRight";
				IPHONEOS_DEPLOYMENT_TARGET = 15.4;
				LD_RUNPATH_SEARCH_PATHS = (
					"$(inherited)",
					"@executable_path/Frameworks",
				);
				MARKETING_VERSION = 1.0;
				PRODUCT_BUNDLE_IDENTIFIER = "com.DIG-DIGA-7";
				PRODUCT_NAME = "$(TARGET_NAME)";
				PROVISIONING_PROFILE_SPECIFIER = "";
				SWIFT_EMIT_LOC_STRINGS = YES;
				SWIFT_VERSION = 5.0;
				TARGETED_DEVICE_FAMILY = "1,2";
			};
			name = Debug;
		};
		0D78B114286C2B03002CFB48 /* Release */ = {
			isa = XCBuildConfiguration;
			baseConfigurationReference = 41143A7C211BB9552B42443C /* Pods-DIGA.release.xcconfig */;
			buildSettings = {
				ASSETCATALOG_COMPILER_APPICON_NAME = AppIcon;
				ASSETCATALOG_COMPILER_GLOBAL_ACCENT_COLOR_NAME = AccentColor;
				CODE_SIGN_IDENTITY = "Apple Development";
				CODE_SIGN_STYLE = Automatic;
				CURRENT_PROJECT_VERSION = 1;
				DEVELOPMENT_TEAM = 4W9BJUAY8P;
				GENERATE_INFOPLIST_FILE = YES;
				INFOPLIST_KEY_NSCameraUsageDescription = "";
				INFOPLIST_KEY_NSLocationAlwaysUsageDescription = "常に許可";
				INFOPLIST_KEY_NSLocationWhenInUseUsageDescription = "一度だけ許可";
				INFOPLIST_KEY_UIApplicationSupportsIndirectInputEvents = YES;
				INFOPLIST_KEY_UILaunchStoryboardName = LaunchScreen;
				INFOPLIST_KEY_UIMainStoryboardFile = Main;
				INFOPLIST_KEY_UIRequiredDeviceCapabilities = arkit;
				INFOPLIST_KEY_UIStatusBarHidden = YES;
				INFOPLIST_KEY_UISupportedInterfaceOrientations_iPad = "UIInterfaceOrientationPortrait UIInterfaceOrientationPortraitUpsideDown UIInterfaceOrientationLandscapeLeft UIInterfaceOrientationLandscapeRight";
				INFOPLIST_KEY_UISupportedInterfaceOrientations_iPhone = "UIInterfaceOrientationPortrait UIInterfaceOrientationLandscapeLeft UIInterfaceOrientationLandscapeRight";
				IPHONEOS_DEPLOYMENT_TARGET = 15.4;
				LD_RUNPATH_SEARCH_PATHS = (
					"$(inherited)",
					"@executable_path/Frameworks",
				);
				MARKETING_VERSION = 1.0;
				PRODUCT_BUNDLE_IDENTIFIER = "com.DIG-DIGA-7";
				PRODUCT_NAME = "$(TARGET_NAME)";
				PROVISIONING_PROFILE_SPECIFIER = "";
				SWIFT_EMIT_LOC_STRINGS = YES;
				SWIFT_VERSION = 5.0;
				TARGETED_DEVICE_FAMILY = "1,2";
			};
			name = Release;
		};
		0D78B116286C2B03002CFB48 /* Debug */ = {
			isa = XCBuildConfiguration;
			baseConfigurationReference = 0024C87E482DD78D654BAB38 /* Pods-DIGATests.debug.xcconfig */;
			buildSettings = {
				ALWAYS_EMBED_SWIFT_STANDARD_LIBRARIES = YES;
				BUNDLE_LOADER = "$(TEST_HOST)";
				CODE_SIGN_STYLE = Automatic;
				CURRENT_PROJECT_VERSION = 1;
				DEVELOPMENT_TEAM = 4W9BJUAY8P;
				GENERATE_INFOPLIST_FILE = YES;
				IPHONEOS_DEPLOYMENT_TARGET = 15.5;
				MARKETING_VERSION = 1.0;
				PRODUCT_BUNDLE_IDENTIFIER = com.DIG.DIGATests;
				PRODUCT_NAME = "$(TARGET_NAME)";
				SWIFT_EMIT_LOC_STRINGS = NO;
				SWIFT_VERSION = 5.0;
				TARGETED_DEVICE_FAMILY = "1,2";
				TEST_HOST = "$(BUILT_PRODUCTS_DIR)/DIGA.app/DIGA";
			};
			name = Debug;
		};
		0D78B117286C2B03002CFB48 /* Release */ = {
			isa = XCBuildConfiguration;
			baseConfigurationReference = 3F9F833CC2E20B6FBD539CE9 /* Pods-DIGATests.release.xcconfig */;
			buildSettings = {
				ALWAYS_EMBED_SWIFT_STANDARD_LIBRARIES = YES;
				BUNDLE_LOADER = "$(TEST_HOST)";
				CODE_SIGN_STYLE = Automatic;
				CURRENT_PROJECT_VERSION = 1;
				DEVELOPMENT_TEAM = 4W9BJUAY8P;
				GENERATE_INFOPLIST_FILE = YES;
				IPHONEOS_DEPLOYMENT_TARGET = 15.5;
				MARKETING_VERSION = 1.0;
				PRODUCT_BUNDLE_IDENTIFIER = com.DIG.DIGATests;
				PRODUCT_NAME = "$(TARGET_NAME)";
				SWIFT_EMIT_LOC_STRINGS = NO;
				SWIFT_VERSION = 5.0;
				TARGETED_DEVICE_FAMILY = "1,2";
				TEST_HOST = "$(BUILT_PRODUCTS_DIR)/DIGA.app/DIGA";
			};
			name = Release;
		};
		0D78B119286C2B03002CFB48 /* Debug */ = {
			isa = XCBuildConfiguration;
			baseConfigurationReference = D2D9E66A57DDE9024533B580 /* Pods-DIGA-DIGAUITests.debug.xcconfig */;
			buildSettings = {
				ALWAYS_EMBED_SWIFT_STANDARD_LIBRARIES = YES;
				CODE_SIGN_STYLE = Automatic;
				CURRENT_PROJECT_VERSION = 1;
				DEVELOPMENT_TEAM = 4W9BJUAY8P;
				GENERATE_INFOPLIST_FILE = YES;
				MARKETING_VERSION = 1.0;
				PRODUCT_BUNDLE_IDENTIFIER = com.DIG.DIGAUITests;
				PRODUCT_NAME = "$(TARGET_NAME)";
				SWIFT_EMIT_LOC_STRINGS = NO;
				SWIFT_VERSION = 5.0;
				TARGETED_DEVICE_FAMILY = "1,2";
				TEST_TARGET_NAME = DIGA;
			};
			name = Debug;
		};
		0D78B11A286C2B03002CFB48 /* Release */ = {
			isa = XCBuildConfiguration;
			baseConfigurationReference = 1941D7930360F076521EA176 /* Pods-DIGA-DIGAUITests.release.xcconfig */;
			buildSettings = {
				ALWAYS_EMBED_SWIFT_STANDARD_LIBRARIES = YES;
				CODE_SIGN_STYLE = Automatic;
				CURRENT_PROJECT_VERSION = 1;
				DEVELOPMENT_TEAM = 4W9BJUAY8P;
				GENERATE_INFOPLIST_FILE = YES;
				MARKETING_VERSION = 1.0;
				PRODUCT_BUNDLE_IDENTIFIER = com.DIG.DIGAUITests;
				PRODUCT_NAME = "$(TARGET_NAME)";
				SWIFT_EMIT_LOC_STRINGS = NO;
				SWIFT_VERSION = 5.0;
				TARGETED_DEVICE_FAMILY = "1,2";
				TEST_TARGET_NAME = DIGA;
			};
			name = Release;
		};
/* End XCBuildConfiguration section */

/* Begin XCConfigurationList section */
		0D78B0E4286C2B01002CFB48 /* Build configuration list for PBXProject "DIGA" */ = {
			isa = XCConfigurationList;
			buildConfigurations = (
				0D78B110286C2B03002CFB48 /* Debug */,
				0D78B111286C2B03002CFB48 /* Release */,
			);
			defaultConfigurationIsVisible = 0;
			defaultConfigurationName = Release;
		};
		0D78B112286C2B03002CFB48 /* Build configuration list for PBXNativeTarget "DIGA" */ = {
			isa = XCConfigurationList;
			buildConfigurations = (
				0D78B113286C2B03002CFB48 /* Debug */,
				0D78B114286C2B03002CFB48 /* Release */,
			);
			defaultConfigurationIsVisible = 0;
			defaultConfigurationName = Release;
		};
		0D78B115286C2B03002CFB48 /* Build configuration list for PBXNativeTarget "DIGATests" */ = {
			isa = XCConfigurationList;
			buildConfigurations = (
				0D78B116286C2B03002CFB48 /* Debug */,
				0D78B117286C2B03002CFB48 /* Release */,
			);
			defaultConfigurationIsVisible = 0;
			defaultConfigurationName = Release;
		};
		0D78B118286C2B03002CFB48 /* Build configuration list for PBXNativeTarget "DIGAUITests" */ = {
			isa = XCConfigurationList;
			buildConfigurations = (
				0D78B119286C2B03002CFB48 /* Debug */,
				0D78B11A286C2B03002CFB48 /* Release */,
			);
			defaultConfigurationIsVisible = 0;
			defaultConfigurationName = Release;
		};
/* End XCConfigurationList section */
	};
	rootObject = 0D78B0E1286C2B01002CFB48 /* Project object */;
}
