// !$*UTF8*$!
{
	archiveVersion = 1;
	classes = {
	};
	objectVersion = 55;
	objects = {

/* Begin PBXBuildFile section */
		0D78B0ED286C2B01002CFB48 /* AppDelegate.swift in Sources */ = {isa = PBXBuildFile; fileRef = 0D78B0EC286C2B01002CFB48 /* AppDelegate.swift */; };
		0D78B0EF286C2B01002CFB48 /* ARViewController.swift in Sources */ = {isa = PBXBuildFile; fileRef = 0D78B0EE286C2B01002CFB48 /* ARViewController.swift */; };
		0D78B0F1286C2B01002CFB48 /* Experience.rcproject in Sources */ = {isa = PBXBuildFile; fileRef = 0D78B0F0286C2B01002CFB48 /* Experience.rcproject */; };
		0D78B0F4286C2B01002CFB48 /* Main.storyboard in Resources */ = {isa = PBXBuildFile; fileRef = 0D78B0F2286C2B01002CFB48 /* Main.storyboard */; };
		0D78B0F6286C2B02002CFB48 /* Assets.xcassets in Resources */ = {isa = PBXBuildFile; fileRef = 0D78B0F5286C2B02002CFB48 /* Assets.xcassets */; };
		0D78B0F9286C2B02002CFB48 /* LaunchScreen.storyboard in Resources */ = {isa = PBXBuildFile; fileRef = 0D78B0F7286C2B02002CFB48 /* LaunchScreen.storyboard */; };
		0D78B103286C2B03002CFB48 /* DIGATests.swift in Sources */ = {isa = PBXBuildFile; fileRef = 0D78B102286C2B03002CFB48 /* DIGATests.swift */; };
		0D78B10D286C2B03002CFB48 /* DIGAUITests.swift in Sources */ = {isa = PBXBuildFile; fileRef = 0D78B10C286C2B03002CFB48 /* DIGAUITests.swift */; };
		0D78B10F286C2B03002CFB48 /* DIGAUITestsLaunchTests.swift in Sources */ = {isa = PBXBuildFile; fileRef = 0D78B10E286C2B03002CFB48 /* DIGAUITestsLaunchTests.swift */; };
		0D78B11C286C2BD5002CFB48 /* TopViewContoroller.swift in Sources */ = {isa = PBXBuildFile; fileRef = 0D78B11B286C2BD5002CFB48 /* TopViewContoroller.swift */; };
		0D78B11E286C2BEE002CFB48 /* MapViewController.swift in Sources */ = {isa = PBXBuildFile; fileRef = 0D78B11D286C2BEE002CFB48 /* MapViewController.swift */; };
		0D78B121286C2F91002CFB48 /* CoreLocation.framework in Frameworks */ = {isa = PBXBuildFile; fileRef = 0D78B120286C2F91002CFB48 /* CoreLocation.framework */; };
		0D78B12E286DD2A2002CFB48 /* Picturebook.swift in Sources */ = {isa = PBXBuildFile; fileRef = 0D78B12D286DD2A1002CFB48 /* Picturebook.swift */; };
/* End PBXBuildFile section */

/* Begin PBXContainerItemProxy section */
		0D78B0FF286C2B03002CFB48 /* PBXContainerItemProxy */ = {
			isa = PBXContainerItemProxy;
			containerPortal = 0D78B0E1286C2B01002CFB48 /* Project object */;
			proxyType = 1;
			remoteGlobalIDString = 0D78B0E8286C2B01002CFB48;
			remoteInfo = DIGA;
		};
		0D78B109286C2B03002CFB48 /* PBXContainerItemProxy */ = {
			isa = PBXContainerItemProxy;
			containerPortal = 0D78B0E1286C2B01002CFB48 /* Project object */;
			proxyType = 1;
			remoteGlobalIDString = 0D78B0E8286C2B01002CFB48;
			remoteInfo = DIGA;
		};
/* End PBXContainerItemProxy section */

/* Begin PBXFileReference section */
		0D78B0E9286C2B01002CFB48 /* DIGA.app */ = {isa = PBXFileReference; explicitFileType = wrapper.application; includeInIndex = 0; path = DIGA.app; sourceTree = BUILT_PRODUCTS_DIR; };
		0D78B0EC286C2B01002CFB48 /* AppDelegate.swift */ = {isa = PBXFileReference; lastKnownFileType = sourcecode.swift; path = AppDelegate.swift; sourceTree = "<group>"; };
		0D78B0EE286C2B01002CFB48 /* ARViewController.swift */ = {isa = PBXFileReference; lastKnownFileType = sourcecode.swift; path = ARViewController.swift; sourceTree = "<group>"; };
		0D78B0F0286C2B01002CFB48 /* Experience.rcproject */ = {isa = PBXFileReference; lastKnownFileType = file.rcproject; path = Experience.rcproject; sourceTree = "<group>"; };
		0D78B0F3286C2B01002CFB48 /* Base */ = {isa = PBXFileReference; lastKnownFileType = file.storyboard; name = Base; path = Base.lproj/Main.storyboard; sourceTree = "<group>"; };
		0D78B0F5286C2B02002CFB48 /* Assets.xcassets */ = {isa = PBXFileReference; lastKnownFileType = folder.assetcatalog; path = Assets.xcassets; sourceTree = "<group>"; };
		0D78B0F8286C2B02002CFB48 /* Base */ = {isa = PBXFileReference; lastKnownFileType = file.storyboard; name = Base; path = Base.lproj/LaunchScreen.storyboard; sourceTree = "<group>"; };
		0D78B0FE286C2B03002CFB48 /* DIGATests.xctest */ = {isa = PBXFileReference; explicitFileType = wrapper.cfbundle; includeInIndex = 0; path = DIGATests.xctest; sourceTree = BUILT_PRODUCTS_DIR; };
		0D78B102286C2B03002CFB48 /* DIGATests.swift */ = {isa = PBXFileReference; lastKnownFileType = sourcecode.swift; path = DIGATests.swift; sourceTree = "<group>"; };
		0D78B108286C2B03002CFB48 /* DIGAUITests.xctest */ = {isa = PBXFileReference; explicitFileType = wrapper.cfbundle; includeInIndex = 0; path = DIGAUITests.xctest; sourceTree = BUILT_PRODUCTS_DIR; };
		0D78B10C286C2B03002CFB48 /* DIGAUITests.swift */ = {isa = PBXFileReference; lastKnownFileType = sourcecode.swift; path = DIGAUITests.swift; sourceTree = "<group>"; };
		0D78B10E286C2B03002CFB48 /* DIGAUITestsLaunchTests.swift */ = {isa = PBXFileReference; lastKnownFileType = sourcecode.swift; path = DIGAUITestsLaunchTests.swift; sourceTree = "<group>"; };
		0D78B11B286C2BD5002CFB48 /* TopViewContoroller.swift */ = {isa = PBXFileReference; lastKnownFileType = sourcecode.swift; path = TopViewContoroller.swift; sourceTree = "<group>"; };
		0D78B11D286C2BEE002CFB48 /* MapViewController.swift */ = {isa = PBXFileReference; lastKnownFileType = sourcecode.swift; path = MapViewController.swift; sourceTree = "<group>"; };
		0D78B120286C2F91002CFB48 /* CoreLocation.framework */ = {isa = PBXFileReference; lastKnownFileType = wrapper.framework; name = CoreLocation.framework; path = System/Library/Frameworks/CoreLocation.framework; sourceTree = SDKROOT; };
		0D78B12D286DD2A1002CFB48 /* Picturebook.swift */ = {isa = PBXFileReference; lastKnownFileType = sourcecode.swift; path = Picturebook.swift; sourceTree = "<group>"; };
/* End PBXFileReference section */

/* Begin PBXFrameworksBuildPhase section */
		0D78B0E6286C2B01002CFB48 /* Frameworks */ = {
			isa = PBXFrameworksBuildPhase;
			buildActionMask = 2147483647;
			files = (
				0D78B121286C2F91002CFB48 /* CoreLocation.framework in Frameworks */,
			);
			runOnlyForDeploymentPostprocessing = 0;
		};
		0D78B0FB286C2B03002CFB48 /* Frameworks */ = {
			isa = PBXFrameworksBuildPhase;
			buildActionMask = 2147483647;
			files = (
			);
			runOnlyForDeploymentPostprocessing = 0;
		};
		0D78B105286C2B03002CFB48 /* Frameworks */ = {
			isa = PBXFrameworksBuildPhase;
			buildActionMask = 2147483647;
			files = (
			);
			runOnlyForDeploymentPostprocessing = 0;
		};
/* End PBXFrameworksBuildPhase section */

/* Begin PBXGroup section */
		0D78B0E0286C2B01002CFB48 = {
			isa = PBXGroup;
			children = (
				0D78B0EB286C2B01002CFB48 /* DIGA */,
				0D78B101286C2B03002CFB48 /* DIGATests */,
				0D78B10B286C2B03002CFB48 /* DIGAUITests */,
				0D78B0EA286C2B01002CFB48 /* Products */,
				0D78B11F286C2F91002CFB48 /* Frameworks */,
			);
			sourceTree = "<group>";
		};
		0D78B0EA286C2B01002CFB48 /* Products */ = {
			isa = PBXGroup;
			children = (
				0D78B0E9286C2B01002CFB48 /* DIGA.app */,
				0D78B0FE286C2B03002CFB48 /* DIGATests.xctest */,
				0D78B108286C2B03002CFB48 /* DIGAUITests.xctest */,
			);
			name = Products;
			sourceTree = "<group>";
		};
		0D78B0EB286C2B01002CFB48 /* DIGA */ = {
			isa = PBXGroup;
			children = (
				0D78B0EC286C2B01002CFB48 /* AppDelegate.swift */,
				0D78B11B286C2BD5002CFB48 /* TopViewContoroller.swift */,
				0D78B11D286C2BEE002CFB48 /* MapViewController.swift */,
				0D78B0EE286C2B01002CFB48 /* ARViewController.swift */,
				0D78B12D286DD2A1002CFB48 /* Picturebook.swift */,
				0D78B0F0286C2B01002CFB48 /* Experience.rcproject */,
				0D78B0F5286C2B02002CFB48 /* Assets.xcassets */,
				0D78B0F2286C2B01002CFB48 /* Main.storyboard */,
				0D78B0F7286C2B02002CFB48 /* LaunchScreen.storyboard */,
			);
			path = DIGA;
			sourceTree = "<group>";
		};
		0D78B101286C2B03002CFB48 /* DIGATests */ = {
			isa = PBXGroup;
			children = (
				0D78B102286C2B03002CFB48 /* DIGATests.swift */,
			);
			path = DIGATests;
			sourceTree = "<group>";
		};
		0D78B10B286C2B03002CFB48 /* DIGAUITests */ = {
			isa = PBXGroup;
			children = (
				0D78B10C286C2B03002CFB48 /* DIGAUITests.swift */,
				0D78B10E286C2B03002CFB48 /* DIGAUITestsLaunchTests.swift */,
			);
			path = DIGAUITests;
			sourceTree = "<group>";
		};
		0D78B11F286C2F91002CFB48 /* Frameworks */ = {
			isa = PBXGroup;
			children = (
				0D78B120286C2F91002CFB48 /* CoreLocation.framework */,
			);
			name = Frameworks;
			sourceTree = "<group>";
		};
/* End PBXGroup section */

/* Begin PBXNativeTarget section */
		0D78B0E8286C2B01002CFB48 /* DIGA */ = {
			isa = PBXNativeTarget;
			buildConfigurationList = 0D78B112286C2B03002CFB48 /* Build configuration list for PBXNativeTarget "DIGA" */;
			buildPhases = (
				0D78B0E5286C2B01002CFB48 /* Sources */,
				0D78B0E6286C2B01002CFB48 /* Frameworks */,
				0D78B0E7286C2B01002CFB48 /* Resources */,
			);
			buildRules = (
			);
			dependencies = (
			);
			name = DIGA;
			productName = DIGA;
			productReference = 0D78B0E9286C2B01002CFB48 /* DIGA.app */;
			productType = "com.apple.product-type.application";
		};
		0D78B0FD286C2B03002CFB48 /* DIGATests */ = {
			isa = PBXNativeTarget;
			buildConfigurationList = 0D78B115286C2B03002CFB48 /* Build configuration list for PBXNativeTarget "DIGATests" */;
			buildPhases = (
				0D78B0FA286C2B03002CFB48 /* Sources */,
				0D78B0FB286C2B03002CFB48 /* Frameworks */,
				0D78B0FC286C2B03002CFB48 /* Resources */,
			);
			buildRules = (
			);
			dependencies = (
				0D78B100286C2B03002CFB48 /* PBXTargetDependency */,
			);
			name = DIGATests;
			productName = DIGATests;
			productReference = 0D78B0FE286C2B03002CFB48 /* DIGATests.xctest */;
			productType = "com.apple.product-type.bundle.unit-test";
		};
		0D78B107286C2B03002CFB48 /* DIGAUITests */ = {
			isa = PBXNativeTarget;
			buildConfigurationList = 0D78B118286C2B03002CFB48 /* Build configuration list for PBXNativeTarget "DIGAUITests" */;
			buildPhases = (
				0D78B104286C2B03002CFB48 /* Sources */,
				0D78B105286C2B03002CFB48 /* Frameworks */,
				0D78B106286C2B03002CFB48 /* Resources */,
			);
			buildRules = (
			);
			dependencies = (
				0D78B10A286C2B03002CFB48 /* PBXTargetDependency */,
			);
			name = DIGAUITests;
			productName = DIGAUITests;
			productReference = 0D78B108286C2B03002CFB48 /* DIGAUITests.xctest */;
			productType = "com.apple.product-type.bundle.ui-testing";
		};
/* End PBXNativeTarget section */

/* Begin PBXProject section */
		0D78B0E1286C2B01002CFB48 /* Project object */ = {
			isa = PBXProject;
			attributes = {
				BuildIndependentTargetsInParallel = 1;
				LastSwiftUpdateCheck = 1340;
				LastUpgradeCheck = 1340;
				TargetAttributes = {
					0D78B0E8286C2B01002CFB48 = {
						CreatedOnToolsVersion = 13.4;
					};
					0D78B0FD286C2B03002CFB48 = {
						CreatedOnToolsVersion = 13.4;
						TestTargetID = 0D78B0E8286C2B01002CFB48;
					};
					0D78B107286C2B03002CFB48 = {
						CreatedOnToolsVersion = 13.4;
						TestTargetID = 0D78B0E8286C2B01002CFB48;
					};
				};
			};
			buildConfigurationList = 0D78B0E4286C2B01002CFB48 /* Build configuration list for PBXProject "DIGA" */;
			compatibilityVersion = "Xcode 13.0";
			developmentRegion = en;
			hasScannedForEncodings = 0;
			knownRegions = (
				en,
				Base,
			);
			mainGroup = 0D78B0E0286C2B01002CFB48;
			productRefGroup = 0D78B0EA286C2B01002CFB48 /* Products */;
			projectDirPath = "";
			projectRoot = "";
			targets = (
				0D78B0E8286C2B01002CFB48 /* DIGA */,
				0D78B0FD286C2B03002CFB48 /* DIGATests */,
				0D78B107286C2B03002CFB48 /* DIGAUITests */,
			);
		};
/* End PBXProject section */

/* Begin PBXResourcesBuildPhase section */
		0D78B0E7286C2B01002CFB48 /* Resources */ = {
			isa = PBXResourcesBuildPhase;
			buildActionMask = 2147483647;
			files = (
				0D78B0F9286C2B02002CFB48 /* LaunchScreen.storyboard in Resources */,
				0D78B0F6286C2B02002CFB48 /* Assets.xcassets in Resources */,
				0D78B0F4286C2B01002CFB48 /* Main.storyboard in Resources */,
			);
			runOnlyForDeploymentPostprocessing = 0;
		};
		0D78B0FC286C2B03002CFB48 /* Resources */ = {
			isa = PBXResourcesBuildPhase;
			buildActionMask = 2147483647;
			files = (
			);
			runOnlyForDeploymentPostprocessing = 0;
		};
		0D78B106286C2B03002CFB48 /* Resources */ = {
			isa = PBXResourcesBuildPhase;
			buildActionMask = 2147483647;
			files = (
			);
			runOnlyForDeploymentPostprocessing = 0;
		};
/* End PBXResourcesBuildPhase section */

/* Begin PBXSourcesBuildPhase section */
		0D78B0E5286C2B01002CFB48 /* Sources */ = {
			isa = PBXSourcesBuildPhase;
			buildActionMask = 2147483647;
			files = (
				0D78B11C286C2BD5002CFB48 /* TopViewContoroller.swift in Sources */,
				0D78B12E286DD2A2002CFB48 /* Picturebook.swift in Sources */,
				0D78B0EF286C2B01002CFB48 /* ARViewController.swift in Sources */,
				0D78B0ED286C2B01002CFB48 /* AppDelegate.swift in Sources */,
				0D78B11E286C2BEE002CFB48 /* MapViewController.swift in Sources */,
				0D78B0F1286C2B01002CFB48 /* Experience.rcproject in Sources */,
			);
			runOnlyForDeploymentPostprocessing = 0;
		};
		0D78B0FA286C2B03002CFB48 /* Sources */ = {
			isa = PBXSourcesBuildPhase;
			buildActionMask = 2147483647;
			files = (
				0D78B103286C2B03002CFB48 /* DIGATests.swift in Sources */,
			);
			runOnlyForDeploymentPostprocessing = 0;
		};
		0D78B104286C2B03002CFB48 /* Sources */ = {
			isa = PBXSourcesBuildPhase;
			buildActionMask = 2147483647;
			files = (
				0D78B10D286C2B03002CFB48 /* DIGAUITests.swift in Sources */,
				0D78B10F286C2B03002CFB48 /* DIGAUITestsLaunchTests.swift in Sources */,
			);
			runOnlyForDeploymentPostprocessing = 0;
		};
/* End PBXSourcesBuildPhase section */

/* Begin PBXTargetDependency section */
		0D78B100286C2B03002CFB48 /* PBXTargetDependency */ = {
			isa = PBXTargetDependency;
			target = 0D78B0E8286C2B01002CFB48 /* DIGA */;
			targetProxy = 0D78B0FF286C2B03002CFB48 /* PBXContainerItemProxy */;
		};
		0D78B10A286C2B03002CFB48 /* PBXTargetDependency */ = {
			isa = PBXTargetDependency;
			target = 0D78B0E8286C2B01002CFB48 /* DIGA */;
			targetProxy = 0D78B109286C2B03002CFB48 /* PBXContainerItemProxy */;
		};
/* End PBXTargetDependency section */

/* Begin PBXVariantGroup section */
		0D78B0F2286C2B01002CFB48 /* Main.storyboard */ = {
			isa = PBXVariantGroup;
			children = (
				0D78B0F3286C2B01002CFB48 /* Base */,
			);
			name = Main.storyboard;
			sourceTree = "<group>";
		};
		0D78B0F7286C2B02002CFB48 /* LaunchScreen.storyboard */ = {
			isa = PBXVariantGroup;
			children = (
				0D78B0F8286C2B02002CFB48 /* Base */,
			);
			name = LaunchScreen.storyboard;
			sourceTree = "<group>";
		};
/* End PBXVariantGroup section */

/* Begin XCBuildConfiguration section */
		0D78B110286C2B03002CFB48 /* Debug */ = {
			isa = XCBuildConfiguration;
			buildSettings = {
				ALWAYS_SEARCH_USER_PATHS = NO;
				CLANG_ANALYZER_NONNULL = YES;
				CLANG_ANALYZER_NUMBER_OBJECT_CONVERSION = YES_AGGRESSIVE;
				CLANG_CXX_LANGUAGE_STANDARD = "gnu++17";
				CLANG_ENABLE_MODULES = YES;
				CLANG_ENABLE_OBJC_ARC = YES;
				CLANG_ENABLE_OBJC_WEAK = YES;
				CLANG_WARN_BLOCK_CAPTURE_AUTORELEASING = YES;
				CLANG_WARN_BOOL_CONVERSION = YES;
				CLANG_WARN_COMMA = YES;
				CLANG_WARN_CONSTANT_CONVERSION = YES;
				CLANG_WARN_DEPRECATED_OBJC_IMPLEMENTATIONS = YES;
				CLANG_WARN_DIRECT_OBJC_ISA_USAGE = YES_ERROR;
				CLANG_WARN_DOCUMENTATION_COMMENTS = YES;
				CLANG_WARN_EMPTY_BODY = YES;
				CLANG_WARN_ENUM_CONVERSION = YES;
				CLANG_WARN_INFINITE_RECURSION = YES;
				CLANG_WARN_INT_CONVERSION = YES;
				CLANG_WARN_NON_LITERAL_NULL_CONVERSION = YES;
				CLANG_WARN_OBJC_IMPLICIT_RETAIN_SELF = YES;
				CLANG_WARN_OBJC_LITERAL_CONVERSION = YES;
				CLANG_WARN_OBJC_ROOT_CLASS = YES_ERROR;
				CLANG_WARN_QUOTED_INCLUDE_IN_FRAMEWORK_HEADER = YES;
				CLANG_WARN_RANGE_LOOP_ANALYSIS = YES;
				CLANG_WARN_STRICT_PROTOTYPES = YES;
				CLANG_WARN_SUSPICIOUS_MOVE = YES;
				CLANG_WARN_UNGUARDED_AVAILABILITY = YES_AGGRESSIVE;
				CLANG_WARN_UNREACHABLE_CODE = YES;
				CLANG_WARN__DUPLICATE_METHOD_MATCH = YES;
				COPY_PHASE_STRIP = NO;
				DEBUG_INFORMATION_FORMAT = dwarf;
				ENABLE_STRICT_OBJC_MSGSEND = YES;
				ENABLE_TESTABILITY = YES;
				GCC_C_LANGUAGE_STANDARD = gnu11;
				GCC_DYNAMIC_NO_PIC = NO;
				GCC_NO_COMMON_BLOCKS = YES;
				GCC_OPTIMIZATION_LEVEL = 0;
				GCC_PREPROCESSOR_DEFINITIONS = (
					"DEBUG=1",
					"$(inherited)",
				);
				GCC_WARN_64_TO_32_BIT_CONVERSION = YES;
				GCC_WARN_ABOUT_RETURN_TYPE = YES_ERROR;
				GCC_WARN_UNDECLARED_SELECTOR = YES;
				GCC_WARN_UNINITIALIZED_AUTOS = YES_AGGRESSIVE;
				GCC_WARN_UNUSED_FUNCTION = YES;
				GCC_WARN_UNUSED_VARIABLE = YES;
				IPHONEOS_DEPLOYMENT_TARGET = 15.5;
				MTL_ENABLE_DEBUG_INFO = INCLUDE_SOURCE;
				MTL_FAST_MATH = YES;
				ONLY_ACTIVE_ARCH = YES;
				SDKROOT = iphoneos;
				SWIFT_ACTIVE_COMPILATION_CONDITIONS = DEBUG;
				SWIFT_OPTIMIZATION_LEVEL = "-Onone";
			};
			name = Debug;
		};
		0D78B111286C2B03002CFB48 /* Release */ = {
			isa = XCBuildConfiguration;
			buildSettings = {
				ALWAYS_SEARCH_USER_PATHS = NO;
				CLANG_ANALYZER_NONNULL = YES;
				CLANG_ANALYZER_NUMBER_OBJECT_CONVERSION = YES_AGGRESSIVE;
				CLANG_CXX_LANGUAGE_STANDARD = "gnu++17";
				CLANG_ENABLE_MODULES = YES;
				CLANG_ENABLE_OBJC_ARC = YES;
				CLANG_ENABLE_OBJC_WEAK = YES;
				CLANG_WARN_BLOCK_CAPTURE_AUTORELEASING = YES;
				CLANG_WARN_BOOL_CONVERSION = YES;
				CLANG_WARN_COMMA = YES;
				CLANG_WARN_CONSTANT_CONVERSION = YES;
				CLANG_WARN_DEPRECATED_OBJC_IMPLEMENTATIONS = YES;
				CLANG_WARN_DIRECT_OBJC_ISA_USAGE = YES_ERROR;
				CLANG_WARN_DOCUMENTATION_COMMENTS = YES;
				CLANG_WARN_EMPTY_BODY = YES;
				CLANG_WARN_ENUM_CONVERSION = YES;
				CLANG_WARN_INFINITE_RECURSION = YES;
				CLANG_WARN_INT_CONVERSION = YES;
				CLANG_WARN_NON_LITERAL_NULL_CONVERSION = YES;
				CLANG_WARN_OBJC_IMPLICIT_RETAIN_SELF = YES;
				CLANG_WARN_OBJC_LITERAL_CONVERSION = YES;
				CLANG_WARN_OBJC_ROOT_CLASS = YES_ERROR;
				CLANG_WARN_QUOTED_INCLUDE_IN_FRAMEWORK_HEADER = YES;
				CLANG_WARN_RANGE_LOOP_ANALYSIS = YES;
				CLANG_WARN_STRICT_PROTOTYPES = YES;
				CLANG_WARN_SUSPICIOUS_MOVE = YES;
				CLANG_WARN_UNGUARDED_AVAILABILITY = YES_AGGRESSIVE;
				CLANG_WARN_UNREACHABLE_CODE = YES;
				CLANG_WARN__DUPLICATE_METHOD_MATCH = YES;
				COPY_PHASE_STRIP = NO;
				DEBUG_INFORMATION_FORMAT = "dwarf-with-dsym";
				ENABLE_NS_ASSERTIONS = NO;
				ENABLE_STRICT_OBJC_MSGSEND = YES;
				GCC_C_LANGUAGE_STANDARD = gnu11;
				GCC_NO_COMMON_BLOCKS = YES;
				GCC_WARN_64_TO_32_BIT_CONVERSION = YES;
				GCC_WARN_ABOUT_RETURN_TYPE = YES_ERROR;
				GCC_WARN_UNDECLARED_SELECTOR = YES;
				GCC_WARN_UNINITIALIZED_AUTOS = YES_AGGRESSIVE;
				GCC_WARN_UNUSED_FUNCTION = YES;
				GCC_WARN_UNUSED_VARIABLE = YES;
				IPHONEOS_DEPLOYMENT_TARGET = 15.5;
				MTL_ENABLE_DEBUG_INFO = NO;
				MTL_FAST_MATH = YES;
				SDKROOT = iphoneos;
				SWIFT_COMPILATION_MODE = wholemodule;
				SWIFT_OPTIMIZATION_LEVEL = "-O";
				VALIDATE_PRODUCT = YES;
			};
			name = Release;
		};
		0D78B113286C2B03002CFB48 /* Debug */ = {
			isa = XCBuildConfiguration;
			buildSettings = {
				ASSETCATALOG_COMPILER_APPICON_NAME = AppIcon;
				ASSETCATALOG_COMPILER_GLOBAL_ACCENT_COLOR_NAME = AccentColor;
				CODE_SIGN_STYLE = Automatic;
				CURRENT_PROJECT_VERSION = 1;
				DEVELOPMENT_TEAM = DPMJDDUZ8D;
				GENERATE_INFOPLIST_FILE = YES;
				INFOPLIST_KEY_NSCameraUsageDescription = "";
				INFOPLIST_KEY_NSLocationAlwaysUsageDescription = "常に許可";
				INFOPLIST_KEY_NSLocationWhenInUseUsageDescription = "一度だけ許可";
				INFOPLIST_KEY_UIApplicationSupportsIndirectInputEvents = YES;
				INFOPLIST_KEY_UILaunchStoryboardName = LaunchScreen;
				INFOPLIST_KEY_UIMainStoryboardFile = Main;
				INFOPLIST_KEY_UIRequiredDeviceCapabilities = arkit;
				INFOPLIST_KEY_UIStatusBarHidden = YES;
				INFOPLIST_KEY_UISupportedInterfaceOrientations_iPad = "UIInterfaceOrientationPortrait UIInterfaceOrientationPortraitUpsideDown UIInterfaceOrientationLandscapeLeft UIInterfaceOrientationLandscapeRight";
				INFOPLIST_KEY_UISupportedInterfaceOrientations_iPhone = "UIInterfaceOrientationPortrait UIInterfaceOrientationLandscapeLeft UIInterfaceOrientationLandscapeRight";
				IPHONEOS_DEPLOYMENT_TARGET = 15.4;
				LD_RUNPATH_SEARCH_PATHS = (
					"$(inherited)",
					"@executable_path/Frameworks",
				);
				MARKETING_VERSION = 1.0;
				PRODUCT_BUNDLE_IDENTIFIER = com.DIG.DIGA;
				PRODUCT_NAME = "$(TARGET_NAME)";
				SWIFT_EMIT_LOC_STRINGS = YES;
				SWIFT_VERSION = 5.0;
				TARGETED_DEVICE_FAMILY = "1,2";
			};
			name = Debug;
		};
		0D78B114286C2B03002CFB48 /* Release */ = {
			isa = XCBuildConfiguration;
			buildSettings = {
				ASSETCATALOG_COMPILER_APPICON_NAME = AppIcon;
				ASSETCATALOG_COMPILER_GLOBAL_ACCENT_COLOR_NAME = AccentColor;
				CODE_SIGN_STYLE = Automatic;
				CURRENT_PROJECT_VERSION = 1;
				DEVELOPMENT_TEAM = DPMJDDUZ8D;
				GENERATE_INFOPLIST_FILE = YES;
				INFOPLIST_KEY_NSCameraUsageDescription = "";
				INFOPLIST_KEY_NSLocationAlwaysUsageDescription = "常に許可";
				INFOPLIST_KEY_NSLocationWhenInUseUsageDescription = "一度だけ許可";
				INFOPLIST_KEY_UIApplicationSupportsIndirectInputEvents = YES;
				INFOPLIST_KEY_UILaunchStoryboardName = LaunchScreen;
				INFOPLIST_KEY_UIMainStoryboardFile = Main;
				INFOPLIST_KEY_UIRequiredDeviceCapabilities = arkit;
				INFOPLIST_KEY_UIStatusBarHidden = YES;
				INFOPLIST_KEY_UISupportedInterfaceOrientations_iPad = "UIInterfaceOrientationPortrait UIInterfaceOrientationPortraitUpsideDown UIInterfaceOrientationLandscapeLeft UIInterfaceOrientationLandscapeRight";
				INFOPLIST_KEY_UISupportedInterfaceOrientations_iPhone = "UIInterfaceOrientationPortrait UIInterfaceOrientationLandscapeLeft UIInterfaceOrientationLandscapeRight";
				IPHONEOS_DEPLOYMENT_TARGET = 15.4;
				LD_RUNPATH_SEARCH_PATHS = (
					"$(inherited)",
					"@executable_path/Frameworks",
				);
				MARKETING_VERSION = 1.0;
				PRODUCT_BUNDLE_IDENTIFIER = com.DIG.DIGA;
				PRODUCT_NAME = "$(TARGET_NAME)";
				SWIFT_EMIT_LOC_STRINGS = YES;
				SWIFT_VERSION = 5.0;
				TARGETED_DEVICE_FAMILY = "1,2";
			};
			name = Release;
		};
		0D78B116286C2B03002CFB48 /* Debug */ = {
			isa = XCBuildConfiguration;
			buildSettings = {
				ALWAYS_EMBED_SWIFT_STANDARD_LIBRARIES = YES;
				BUNDLE_LOADER = "$(TEST_HOST)";
				CODE_SIGN_STYLE = Automatic;
				CURRENT_PROJECT_VERSION = 1;
				GENERATE_INFOPLIST_FILE = YES;
				IPHONEOS_DEPLOYMENT_TARGET = 15.5;
				MARKETING_VERSION = 1.0;
				PRODUCT_BUNDLE_IDENTIFIER = com.DIG.DIGATests;
				PRODUCT_NAME = "$(TARGET_NAME)";
				SWIFT_EMIT_LOC_STRINGS = NO;
				SWIFT_VERSION = 5.0;
				TARGETED_DEVICE_FAMILY = "1,2";
				TEST_HOST = "$(BUILT_PRODUCTS_DIR)/DIGA.app/DIGA";
			};
			name = Debug;
		};
		0D78B117286C2B03002CFB48 /* Release */ = {
			isa = XCBuildConfiguration;
			buildSettings = {
				ALWAYS_EMBED_SWIFT_STANDARD_LIBRARIES = YES;
				BUNDLE_LOADER = "$(TEST_HOST)";
				CODE_SIGN_STYLE = Automatic;
				CURRENT_PROJECT_VERSION = 1;
				GENERATE_INFOPLIST_FILE = YES;
				IPHONEOS_DEPLOYMENT_TARGET = 15.5;
				MARKETING_VERSION = 1.0;
				PRODUCT_BUNDLE_IDENTIFIER = com.DIG.DIGATests;
				PRODUCT_NAME = "$(TARGET_NAME)";
				SWIFT_EMIT_LOC_STRINGS = NO;
				SWIFT_VERSION = 5.0;
				TARGETED_DEVICE_FAMILY = "1,2";
				TEST_HOST = "$(BUILT_PRODUCTS_DIR)/DIGA.app/DIGA";
			};
			name = Release;
		};
		0D78B119286C2B03002CFB48 /* Debug */ = {
			isa = XCBuildConfiguration;
			buildSettings = {
				ALWAYS_EMBED_SWIFT_STANDARD_LIBRARIES = YES;
				CODE_SIGN_STYLE = Automatic;
				CURRENT_PROJECT_VERSION = 1;
				GENERATE_INFOPLIST_FILE = YES;
				MARKETING_VERSION = 1.0;
				PRODUCT_BUNDLE_IDENTIFIER = com.DIG.DIGAUITests;
				PRODUCT_NAME = "$(TARGET_NAME)";
				SWIFT_EMIT_LOC_STRINGS = NO;
				SWIFT_VERSION = 5.0;
				TARGETED_DEVICE_FAMILY = "1,2";
				TEST_TARGET_NAME = DIGA;
			};
			name = Debug;
		};
		0D78B11A286C2B03002CFB48 /* Release */ = {
			isa = XCBuildConfiguration;
			buildSettings = {
				ALWAYS_EMBED_SWIFT_STANDARD_LIBRARIES = YES;
				CODE_SIGN_STYLE = Automatic;
				CURRENT_PROJECT_VERSION = 1;
				GENERATE_INFOPLIST_FILE = YES;
				MARKETING_VERSION = 1.0;
				PRODUCT_BUNDLE_IDENTIFIER = com.DIG.DIGAUITests;
				PRODUCT_NAME = "$(TARGET_NAME)";
				SWIFT_EMIT_LOC_STRINGS = NO;
				SWIFT_VERSION = 5.0;
				TARGETED_DEVICE_FAMILY = "1,2";
				TEST_TARGET_NAME = DIGA;
			};
			name = Release;
		};
/* End XCBuildConfiguration section */

/* Begin XCConfigurationList section */
		0D78B0E4286C2B01002CFB48 /* Build configuration list for PBXProject "DIGA" */ = {
			isa = XCConfigurationList;
			buildConfigurations = (
				0D78B110286C2B03002CFB48 /* Debug */,
				0D78B111286C2B03002CFB48 /* Release */,
			);
			defaultConfigurationIsVisible = 0;
			defaultConfigurationName = Release;
		};
		0D78B112286C2B03002CFB48 /* Build configuration list for PBXNativeTarget "DIGA" */ = {
			isa = XCConfigurationList;
			buildConfigurations = (
				0D78B113286C2B03002CFB48 /* Debug */,
				0D78B114286C2B03002CFB48 /* Release */,
			);
			defaultConfigurationIsVisible = 0;
			defaultConfigurationName = Release;
		};
		0D78B115286C2B03002CFB48 /* Build configuration list for PBXNativeTarget "DIGATests" */ = {
			isa = XCConfigurationList;
			buildConfigurations = (
				0D78B116286C2B03002CFB48 /* Debug */,
				0D78B117286C2B03002CFB48 /* Release */,
			);
			defaultConfigurationIsVisible = 0;
			defaultConfigurationName = Release;
		};
		0D78B118286C2B03002CFB48 /* Build configuration list for PBXNativeTarget "DIGAUITests" */ = {
			isa = XCConfigurationList;
			buildConfigurations = (
				0D78B119286C2B03002CFB48 /* Debug */,
				0D78B11A286C2B03002CFB48 /* Release */,
			);
			defaultConfigurationIsVisible = 0;
			defaultConfigurationName = Release;
		};
/* End XCConfigurationList section */
	};
	rootObject = 0D78B0E1286C2B01002CFB48 /* Project object */;
}
